
Microsoft Visual Studio Solution File, Format Version 12.00
# Visual Studio Version 17
VisualStudioVersion = 17.0.31903.59
MinimumVisualStudioVersion = 10.0.40219.1
Project("{2150E333-8FDC-42A3-9474-1A3956D46DE8}") = "src", "src", "{827E0CD3-B72D-47B6-A68D-7590B98EB39B}"
EndProject
Project("{2150E333-8FDC-42A3-9474-1A3956D46DE8}") = "Analytics", "Analytics", "{E977BE3B-8388-8DF4-CE75-4B9DD4E5640D}"
EndProject
Project("{FAE04EC0-301F-11D3-BF4B-00C04F79EFBC}") = "Analytics.Domain", "src\Analytics\Analytics.Domain\Analytics.Domain.csproj", "{9322693D-FBE1-4303-9709-4208EB0AABC9}"
EndProject
Project("{FAE04EC0-301F-11D3-BF4B-00C04F79EFBC}") = "Analytics.Application", "src\Analytics\Analytics.Application\Analytics.Application.csproj", "{DD5C9E19-BFAF-4180-B31B-D2E415B27DF9}"
EndProject
Project("{FAE04EC0-301F-11D3-BF4B-00C04F79EFBC}") = "Analytics.Infrastructure", "src\Analytics\Analytics.Infrastructure\Analytics.Infrastructure.csproj", "{EF7CC440-615F-46A3-9ADD-0AA4545FE258}"
EndProject
Project("{FAE04EC0-301F-11D3-BF4B-00C04F79EFBC}") = "Analytics.API", "src\Analytics\Analytics.API\Analytics.API.csproj", "{2B0AF625-659D-45EB-A4AC-3862ED9EBC07}"
EndProject
Project("{2150E333-8FDC-42A3-9474-1A3956D46DE8}") = "Shared", "Shared", "{C8E42992-5E42-0C2B-DBFE-AA848D06431C}"
EndProject
Project("{FAE04EC0-301F-11D3-BF4B-00C04F79EFBC}") = "Shared.Infrastructure", "src\Shared\Shared.Infrastructure\Shared.Infrastructure.csproj", "{D3AA42B9-B137-4B57-A6E8-9416386296AA}"
EndProject
Project("{FAE04EC0-301F-11D3-BF4B-00C04F79EFBC}") = "Shared.Contracts", "src\Shared\Shared.Contracts\Shared.Contracts.csproj", "{B2D75C12-177A-4CA8-83FB-AD0FC5EDB590}"
EndProject
Global
	GlobalSection(SolutionConfigurationPlatforms) = preSolution
		Debug|Any CPU = Debug|Any CPU
		Debug|x64 = Debug|x64
		Debug|x86 = Debug|x86
		Release|Any CPU = Release|Any CPU
		Release|x64 = Release|x64
		Release|x86 = Release|x86
	EndGlobalSection
	GlobalSection(ProjectConfigurationPlatforms) = postSolution
		{9322693D-FBE1-4303-9709-4208EB0AABC9}.Debug|Any CPU.ActiveCfg = Debug|Any CPU
		{9322693D-FBE1-4303-9709-4208EB0AABC9}.Debug|Any CPU.Build.0 = Debug|Any CPU
		{9322693D-FBE1-4303-9709-4208EB0AABC9}.Debug|x64.ActiveCfg = Debug|Any CPU
		{9322693D-FBE1-4303-9709-4208EB0AABC9}.Debug|x64.Build.0 = Debug|Any CPU
		{9322693D-FBE1-4303-9709-4208EB0AABC9}.Debug|x86.ActiveCfg = Debug|Any CPU
		{9322693D-FBE1-4303-9709-4208EB0AABC9}.Debug|x86.Build.0 = Debug|Any CPU
		{9322693D-FBE1-4303-9709-4208EB0AABC9}.Release|Any CPU.ActiveCfg = Release|Any CPU
		{9322693D-FBE1-4303-9709-4208EB0AABC9}.Release|Any CPU.Build.0 = Release|Any CPU
		{9322693D-FBE1-4303-9709-4208EB0AABC9}.Release|x64.ActiveCfg = Release|Any CPU
		{9322693D-FBE1-4303-9709-4208EB0AABC9}.Release|x64.Build.0 = Release|Any CPU
		{9322693D-FBE1-4303-9709-4208EB0AABC9}.Release|x86.ActiveCfg = Release|Any CPU
		{9322693D-FBE1-4303-9709-4208EB0AABC9}.Release|x86.Build.0 = Release|Any CPU
		{DD5C9E19-BFAF-4180-B31B-D2E415B27DF9}.Debug|Any CPU.ActiveCfg = Debug|Any CPU
		{DD5C9E19-BFAF-4180-B31B-D2E415B27DF9}.Debug|Any CPU.Build.0 = Debug|Any CPU
		{DD5C9E19-BFAF-4180-B31B-D2E415B27DF9}.Debug|x64.ActiveCfg = Debug|Any CPU
		{DD5C9E19-BFAF-4180-B31B-D2E415B27DF9}.Debug|x64.Build.0 = Debug|Any CPU
		{DD5C9E19-BFAF-4180-B31B-D2E415B27DF9}.Debug|x86.ActiveCfg = Debug|Any CPU
		{DD5C9E19-BFAF-4180-B31B-D2E415B27DF9}.Debug|x86.Build.0 = Debug|Any CPU
		{DD5C9E19-BFAF-4180-B31B-D2E415B27DF9}.Release|Any CPU.ActiveCfg = Release|Any CPU
		{DD5C9E19-BFAF-4180-B31B-D2E415B27DF9}.Release|Any CPU.Build.0 = Release|Any CPU
		{DD5C9E19-BFAF-4180-B31B-D2E415B27DF9}.Release|x64.ActiveCfg = Release|Any CPU
		{DD5C9E19-BFAF-4180-B31B-D2E415B27DF9}.Release|x64.Build.0 = Release|Any CPU
		{DD5C9E19-BFAF-4180-B31B-D2E415B27DF9}.Release|x86.ActiveCfg = Release|Any CPU
		{DD5C9E19-BFAF-4180-B31B-D2E415B27DF9}.Release|x86.Build.0 = Release|Any CPU
		{EF7CC440-615F-46A3-9ADD-0AA4545FE258}.Debug|Any CPU.ActiveCfg = Debug|Any CPU
		{EF7CC440-615F-46A3-9ADD-0AA4545FE258}.Debug|Any CPU.Build.0 = Debug|Any CPU
		{EF7CC440-615F-46A3-9ADD-0AA4545FE258}.Debug|x64.ActiveCfg = Debug|Any CPU
		{EF7CC440-615F-46A3-9ADD-0AA4545FE258}.Debug|x64.Build.0 = Debug|Any CPU
		{EF7CC440-615F-46A3-9ADD-0AA4545FE258}.Debug|x86.ActiveCfg = Debug|Any CPU
		{EF7CC440-615F-46A3-9ADD-0AA4545FE258}.Debug|x86.Build.0 = Debug|Any CPU
		{EF7CC440-615F-46A3-9ADD-0AA4545FE258}.Release|Any CPU.ActiveCfg = Release|Any CPU
		{EF7CC440-615F-46A3-9ADD-0AA4545FE258}.Release|Any CPU.Build.0 = Release|Any CPU
		{EF7CC440-615F-46A3-9ADD-0AA4545FE258}.Release|x64.ActiveCfg = Release|Any CPU
		{EF7CC440-615F-46A3-9ADD-0AA4545FE258}.Release|x64.Build.0 = Release|Any CPU
		{EF7CC440-615F-46A3-9ADD-0AA4545FE258}.Release|x86.ActiveCfg = Release|Any CPU
		{EF7CC440-615F-46A3-9ADD-0AA4545FE258}.Release|x86.Build.0 = Release|Any CPU
		{2B0AF625-659D-45EB-A4AC-3862ED9EBC07}.Debug|Any CPU.ActiveCfg = Debug|Any CPU
		{2B0AF625-659D-45EB-A4AC-3862ED9EBC07}.Debug|Any CPU.Build.0 = Debug|Any CPU
		{2B0AF625-659D-45EB-A4AC-3862ED9EBC07}.Debug|x64.ActiveCfg = Debug|Any CPU
		{2B0AF625-659D-45EB-A4AC-3862ED9EBC07}.Debug|x64.Build.0 = Debug|Any CPU
		{2B0AF625-659D-45EB-A4AC-3862ED9EBC07}.Debug|x86.ActiveCfg = Debug|Any CPU
		{2B0AF625-659D-45EB-A4AC-3862ED9EBC07}.Debug|x86.Build.0 = Debug|Any CPU
		{2B0AF625-659D-45EB-A4AC-3862ED9EBC07}.Release|Any CPU.ActiveCfg = Release|Any CPU
		{2B0AF625-659D-45EB-A4AC-3862ED9EBC07}.Release|Any CPU.Build.0 = Release|Any CPU
		{2B0AF625-659D-45EB-A4AC-3862ED9EBC07}.Release|x64.ActiveCfg = Release|Any CPU
		{2B0AF625-659D-45EB-A4AC-3862ED9EBC07}.Release|x64.Build.0 = Release|Any CPU
		{2B0AF625-659D-45EB-A4AC-3862ED9EBC07}.Release|x86.ActiveCfg = Release|Any CPU
		{2B0AF625-659D-45EB-A4AC-3862ED9EBC07}.Release|x86.Build.0 = Release|Any CPU
		{D3AA42B9-B137-4B57-A6E8-9416386296AA}.Debug|Any CPU.ActiveCfg = Debug|Any CPU
		{D3AA42B9-B137-4B57-A6E8-9416386296AA}.Debug|Any CPU.Build.0 = Debug|Any CPU
		{D3AA42B9-B137-4B57-A6E8-9416386296AA}.Debug|x64.ActiveCfg = Debug|Any CPU
		{D3AA42B9-B137-4B57-A6E8-9416386296AA}.Debug|x64.Build.0 = Debug|Any CPU
		{D3AA42B9-B137-4B57-A6E8-9416386296AA}.Debug|x86.ActiveCfg = Debug|Any CPU
		{D3AA42B9-B137-4B57-A6E8-9416386296AA}.Debug|x86.Build.0 = Debug|Any CPU
		{D3AA42B9-B137-4B57-A6E8-9416386296AA}.Release|Any CPU.ActiveCfg = Release|Any CPU
		{D3AA42B9-B137-4B57-A6E8-9416386296AA}.Release|Any CPU.Build.0 = Release|Any CPU
		{D3AA42B9-B137-4B57-A6E8-9416386296AA}.Release|x64.ActiveCfg = Release|Any CPU
		{D3AA42B9-B137-4B57-A6E8-9416386296AA}.Release|x64.Build.0 = Release|Any CPU
		{D3AA42B9-B137-4B57-A6E8-9416386296AA}.Release|x86.ActiveCfg = Release|Any CPU
		{D3AA42B9-B137-4B57-A6E8-9416386296AA}.Release|x86.Build.0 = Release|Any CPU
		{B2D75C12-177A-4CA8-83FB-AD0FC5EDB590}.Debug|Any CPU.ActiveCfg = Debug|Any CPU
		{B2D75C12-177A-4CA8-83FB-AD0FC5EDB590}.Debug|Any CPU.Build.0 = Debug|Any CPU
		{B2D75C12-177A-4CA8-83FB-AD0FC5EDB590}.Debug|x64.ActiveCfg = Debug|Any CPU
		{B2D75C12-177A-4CA8-83FB-AD0FC5EDB590}.Debug|x64.Build.0 = Debug|Any CPU
		{B2D75C12-177A-4CA8-83FB-AD0FC5EDB590}.Debug|x86.ActiveCfg = Debug|Any CPU
		{B2D75C12-177A-4CA8-83FB-AD0FC5EDB590}.Debug|x86.Build.0 = Debug|Any CPU
		{B2D75C12-177A-4CA8-83FB-AD0FC5EDB590}.Release|Any CPU.ActiveCfg = Release|Any CPU
		{B2D75C12-177A-4CA8-83FB-AD0FC5EDB590}.Release|Any CPU.Build.0 = Release|Any CPU
		{B2D75C12-177A-4CA8-83FB-AD0FC5EDB590}.Release|x64.ActiveCfg = Release|Any CPU
		{B2D75C12-177A-4CA8-83FB-AD0FC5EDB590}.Release|x64.Build.0 = Release|Any CPU
		{B2D75C12-177A-4CA8-83FB-AD0FC5EDB590}.Release|x86.ActiveCfg = Release|Any CPU
		{B2D75C12-177A-4CA8-83FB-AD0FC5EDB590}.Release|x86.Build.0 = Release|Any CPU
	EndGlobalSection
	GlobalSection(SolutionProperties) = preSolution
		HideSolutionNode = FALSE
	EndGlobalSection
	GlobalSection(NestedProjects) = preSolution
		{E977BE3B-8388-8DF4-CE75-4B9DD4E5640D} = {827E0CD3-B72D-47B6-A68D-7590B98EB39B}
		{9322693D-FBE1-4303-9709-4208EB0AABC9} = {E977BE3B-8388-8DF4-CE75-4B9DD4E5640D}
		{DD5C9E19-BFAF-4180-B31B-D2E415B27DF9} = {E977BE3B-8388-8DF4-CE75-4B9DD4E5640D}
		{EF7CC440-615F-46A3-9ADD-0AA4545FE258} = {E977BE3B-8388-8DF4-CE75-4B9DD4E5640D}
		{2B0AF625-659D-45EB-A4AC-3862ED9EBC07} = {E977BE3B-8388-8DF4-CE75-4B9DD4E5640D}
		{C8E42992-5E42-0C2B-DBFE-AA848D06431C} = {827E0CD3-B72D-47B6-A68D-7590B98EB39B}
		{D3AA42B9-B137-4B57-A6E8-9416386296AA} = {C8E42992-5E42-0C2B-DBFE-AA848D06431C}
		{B2D75C12-177A-4CA8-83FB-AD0FC5EDB590} = {C8E42992-5E42-0C2B-DBFE-AA848D06431C}
	EndGlobalSection
EndGlobal
