
Microsoft Visual Studio Solution File, Format Version 12.00
# Visual Studio Version 17
VisualStudioVersion = 17.0.31903.59
MinimumVisualStudioVersion = 10.0.40219.1
Project("{2150E333-8FDC-42A3-9474-1A3956D46DE8}") = "src", "src", "{827E0CD3-B72D-47B6-A68D-7590B98EB39B}"
EndProject
Project("{2150E333-8FDC-42A3-9474-1A3956D46DE8}") = "Identity", "Identity", "{65ABFB5D-2B10-DF64-BF12-C17976F8E5D9}"
EndProject
Project("{FAE04EC0-301F-11D3-BF4B-00C04F79EFBC}") = "Identity.Domain", "src\Identity\Identity.Domain\Identity.Domain.csproj", "{40655383-844C-4704-A18A-1FD1368FE9A9}"
EndProject
Project("{FAE04EC0-301F-11D3-BF4B-00C04F79EFBC}") = "Identity.Application", "src\Identity\Identity.Application\Identity.Application.csproj", "{F0C9D849-9F0D-4FF2-B22F-6ECFBEEA1EA0}"
EndProject
Project("{FAE04EC0-301F-11D3-BF4B-00C04F79EFBC}") = "Identity.Infrastructure", "src\Identity\Identity.Infrastructure\Identity.Infrastructure.csproj", "{356995EA-5470-4E31-B9D0-5E6272307CB8}"
EndProject
Project("{FAE04EC0-301F-11D3-BF4B-00C04F79EFBC}") = "Identity.API", "src\Identity\Identity.API\Identity.API.csproj", "{CF63DC2C-355B-47F5-B5C2-623047693826}"
EndProject
Project("{2150E333-8FDC-42A3-9474-1A3956D46DE8}") = "Shared", "Shared", "{C8E42992-5E42-0C2B-DBFE-AA848D06431C}"
EndProject
Project("{FAE04EC0-301F-11D3-BF4B-00C04F79EFBC}") = "Shared.Infrastructure", "src\Shared\Shared.Infrastructure\Shared.Infrastructure.csproj", "{4B92D1E8-1496-478D-B486-91D9F878978E}"
EndProject
Project("{FAE04EC0-301F-11D3-BF4B-00C04F79EFBC}") = "Shared.Contracts", "src\Shared\Shared.Contracts\Shared.Contracts.csproj", "{C3686511-B42F-4D1B-8809-87D17A2B3487}"
EndProject
Project("{2150E333-8FDC-42A3-9474-1A3956D46DE8}") = "tests", "tests", "{0AB3BF05-4346-4AA6-1389-037BE0695223}"
EndProject
Project("{FAE04EC0-301F-11D3-BF4B-00C04F79EFBC}") = "Identity.Tests", "tests\Identity.Tests\Identity.Tests.csproj", "{B9F59410-B394-4282-BD61-ADFFEC822326}"
EndProject
Global
	GlobalSection(SolutionConfigurationPlatforms) = preSolution
		Debug|Any CPU = Debug|Any CPU
		Debug|x64 = Debug|x64
		Debug|x86 = Debug|x86
		Release|Any CPU = Release|Any CPU
		Release|x64 = Release|x64
		Release|x86 = Release|x86
	EndGlobalSection
	GlobalSection(ProjectConfigurationPlatforms) = postSolution
		{40655383-844C-4704-A18A-1FD1368FE9A9}.Debug|Any CPU.ActiveCfg = Debug|Any CPU
		{40655383-844C-4704-A18A-1FD1368FE9A9}.Debug|Any CPU.Build.0 = Debug|Any CPU
		{40655383-844C-4704-A18A-1FD1368FE9A9}.Debug|x64.ActiveCfg = Debug|Any CPU
		{40655383-844C-4704-A18A-1FD1368FE9A9}.Debug|x64.Build.0 = Debug|Any CPU
		{40655383-844C-4704-A18A-1FD1368FE9A9}.Debug|x86.ActiveCfg = Debug|Any CPU
		{40655383-844C-4704-A18A-1FD1368FE9A9}.Debug|x86.Build.0 = Debug|Any CPU
		{40655383-844C-4704-A18A-1FD1368FE9A9}.Release|Any CPU.ActiveCfg = Release|Any CPU
		{40655383-844C-4704-A18A-1FD1368FE9A9}.Release|Any CPU.Build.0 = Release|Any CPU
		{40655383-844C-4704-A18A-1FD1368FE9A9}.Release|x64.ActiveCfg = Release|Any CPU
		{40655383-844C-4704-A18A-1FD1368FE9A9}.Release|x64.Build.0 = Release|Any CPU
		{40655383-844C-4704-A18A-1FD1368FE9A9}.Release|x86.ActiveCfg = Release|Any CPU
		{40655383-844C-4704-A18A-1FD1368FE9A9}.Release|x86.Build.0 = Release|Any CPU
		{F0C9D849-9F0D-4FF2-B22F-6ECFBEEA1EA0}.Debug|Any CPU.ActiveCfg = Debug|Any CPU
		{F0C9D849-9F0D-4FF2-B22F-6ECFBEEA1EA0}.Debug|Any CPU.Build.0 = Debug|Any CPU
		{F0C9D849-9F0D-4FF2-B22F-6ECFBEEA1EA0}.Debug|x64.ActiveCfg = Debug|Any CPU
		{F0C9D849-9F0D-4FF2-B22F-6ECFBEEA1EA0}.Debug|x64.Build.0 = Debug|Any CPU
		{F0C9D849-9F0D-4FF2-B22F-6ECFBEEA1EA0}.Debug|x86.ActiveCfg = Debug|Any CPU
		{F0C9D849-9F0D-4FF2-B22F-6ECFBEEA1EA0}.Debug|x86.Build.0 = Debug|Any CPU
		{F0C9D849-9F0D-4FF2-B22F-6ECFBEEA1EA0}.Release|Any CPU.ActiveCfg = Release|Any CPU
		{F0C9D849-9F0D-4FF2-B22F-6ECFBEEA1EA0}.Release|Any CPU.Build.0 = Release|Any CPU
		{F0C9D849-9F0D-4FF2-B22F-6ECFBEEA1EA0}.Release|x64.ActiveCfg = Release|Any CPU
		{F0C9D849-9F0D-4FF2-B22F-6ECFBEEA1EA0}.Release|x64.Build.0 = Release|Any CPU
		{F0C9D849-9F0D-4FF2-B22F-6ECFBEEA1EA0}.Release|x86.ActiveCfg = Release|Any CPU
		{F0C9D849-9F0D-4FF2-B22F-6ECFBEEA1EA0}.Release|x86.Build.0 = Release|Any CPU
		{356995EA-5470-4E31-B9D0-5E6272307CB8}.Debug|Any CPU.ActiveCfg = Debug|Any CPU
		{356995EA-5470-4E31-B9D0-5E6272307CB8}.Debug|Any CPU.Build.0 = Debug|Any CPU
		{356995EA-5470-4E31-B9D0-5E6272307CB8}.Debug|x64.ActiveCfg = Debug|Any CPU
		{356995EA-5470-4E31-B9D0-5E6272307CB8}.Debug|x64.Build.0 = Debug|Any CPU
		{356995EA-5470-4E31-B9D0-5E6272307CB8}.Debug|x86.ActiveCfg = Debug|Any CPU
		{356995EA-5470-4E31-B9D0-5E6272307CB8}.Debug|x86.Build.0 = Debug|Any CPU
		{356995EA-5470-4E31-B9D0-5E6272307CB8}.Release|Any CPU.ActiveCfg = Release|Any CPU
		{356995EA-5470-4E31-B9D0-5E6272307CB8}.Release|Any CPU.Build.0 = Release|Any CPU
		{356995EA-5470-4E31-B9D0-5E6272307CB8}.Release|x64.ActiveCfg = Release|Any CPU
		{356995EA-5470-4E31-B9D0-5E6272307CB8}.Release|x64.Build.0 = Release|Any CPU
		{356995EA-5470-4E31-B9D0-5E6272307CB8}.Release|x86.ActiveCfg = Release|Any CPU
		{356995EA-5470-4E31-B9D0-5E6272307CB8}.Release|x86.Build.0 = Release|Any CPU
		{CF63DC2C-355B-47F5-B5C2-623047693826}.Debug|Any CPU.ActiveCfg = Debug|Any CPU
		{CF63DC2C-355B-47F5-B5C2-623047693826}.Debug|Any CPU.Build.0 = Debug|Any CPU
		{CF63DC2C-355B-47F5-B5C2-623047693826}.Debug|x64.ActiveCfg = Debug|Any CPU
		{CF63DC2C-355B-47F5-B5C2-623047693826}.Debug|x64.Build.0 = Debug|Any CPU
		{CF63DC2C-355B-47F5-B5C2-623047693826}.Debug|x86.ActiveCfg = Debug|Any CPU
		{CF63DC2C-355B-47F5-B5C2-623047693826}.Debug|x86.Build.0 = Debug|Any CPU
		{CF63DC2C-355B-47F5-B5C2-623047693826}.Release|Any CPU.ActiveCfg = Release|Any CPU
		{CF63DC2C-355B-47F5-B5C2-623047693826}.Release|Any CPU.Build.0 = Release|Any CPU
		{CF63DC2C-355B-47F5-B5C2-623047693826}.Release|x64.ActiveCfg = Release|Any CPU
		{CF63DC2C-355B-47F5-B5C2-623047693826}.Release|x64.Build.0 = Release|Any CPU
		{CF63DC2C-355B-47F5-B5C2-623047693826}.Release|x86.ActiveCfg = Release|Any CPU
		{CF63DC2C-355B-47F5-B5C2-623047693826}.Release|x86.Build.0 = Release|Any CPU
		{4B92D1E8-1496-478D-B486-91D9F878978E}.Debug|Any CPU.ActiveCfg = Debug|Any CPU
		{4B92D1E8-1496-478D-B486-91D9F878978E}.Debug|Any CPU.Build.0 = Debug|Any CPU
		{4B92D1E8-1496-478D-B486-91D9F878978E}.Debug|x64.ActiveCfg = Debug|Any CPU
		{4B92D1E8-1496-478D-B486-91D9F878978E}.Debug|x64.Build.0 = Debug|Any CPU
		{4B92D1E8-1496-478D-B486-91D9F878978E}.Debug|x86.ActiveCfg = Debug|Any CPU
		{4B92D1E8-1496-478D-B486-91D9F878978E}.Debug|x86.Build.0 = Debug|Any CPU
		{4B92D1E8-1496-478D-B486-91D9F878978E}.Release|Any CPU.ActiveCfg = Release|Any CPU
		{4B92D1E8-1496-478D-B486-91D9F878978E}.Release|Any CPU.Build.0 = Release|Any CPU
		{4B92D1E8-1496-478D-B486-91D9F878978E}.Release|x64.ActiveCfg = Release|Any CPU
		{4B92D1E8-1496-478D-B486-91D9F878978E}.Release|x64.Build.0 = Release|Any CPU
		{4B92D1E8-1496-478D-B486-91D9F878978E}.Release|x86.ActiveCfg = Release|Any CPU
		{4B92D1E8-1496-478D-B486-91D9F878978E}.Release|x86.Build.0 = Release|Any CPU
		{C3686511-B42F-4D1B-8809-87D17A2B3487}.Debug|Any CPU.ActiveCfg = Debug|Any CPU
		{C3686511-B42F-4D1B-8809-87D17A2B3487}.Debug|Any CPU.Build.0 = Debug|Any CPU
		{C3686511-B42F-4D1B-8809-87D17A2B3487}.Debug|x64.ActiveCfg = Debug|Any CPU
		{C3686511-B42F-4D1B-8809-87D17A2B3487}.Debug|x64.Build.0 = Debug|Any CPU
		{C3686511-B42F-4D1B-8809-87D17A2B3487}.Debug|x86.ActiveCfg = Debug|Any CPU
		{C3686511-B42F-4D1B-8809-87D17A2B3487}.Debug|x86.Build.0 = Debug|Any CPU
		{C3686511-B42F-4D1B-8809-87D17A2B3487}.Release|Any CPU.ActiveCfg = Release|Any CPU
		{C3686511-B42F-4D1B-8809-87D17A2B3487}.Release|Any CPU.Build.0 = Release|Any CPU
		{C3686511-B42F-4D1B-8809-87D17A2B3487}.Release|x64.ActiveCfg = Release|Any CPU
		{C3686511-B42F-4D1B-8809-87D17A2B3487}.Release|x64.Build.0 = Release|Any CPU
		{C3686511-B42F-4D1B-8809-87D17A2B3487}.Release|x86.ActiveCfg = Release|Any CPU
		{C3686511-B42F-4D1B-8809-87D17A2B3487}.Release|x86.Build.0 = Release|Any CPU
		{B9F59410-B394-4282-BD61-ADFFEC822326}.Debug|Any CPU.ActiveCfg = Debug|Any CPU
		{B9F59410-B394-4282-BD61-ADFFEC822326}.Debug|Any CPU.Build.0 = Debug|Any CPU
		{B9F59410-B394-4282-BD61-ADFFEC822326}.Debug|x64.ActiveCfg = Debug|Any CPU
		{B9F59410-B394-4282-BD61-ADFFEC822326}.Debug|x64.Build.0 = Debug|Any CPU
		{B9F59410-B394-4282-BD61-ADFFEC822326}.Debug|x86.ActiveCfg = Debug|Any CPU
		{B9F59410-B394-4282-BD61-ADFFEC822326}.Debug|x86.Build.0 = Debug|Any CPU
		{B9F59410-B394-4282-BD61-ADFFEC822326}.Release|Any CPU.ActiveCfg = Release|Any CPU
		{B9F59410-B394-4282-BD61-ADFFEC822326}.Release|Any CPU.Build.0 = Release|Any CPU
		{B9F59410-B394-4282-BD61-ADFFEC822326}.Release|x64.ActiveCfg = Release|Any CPU
		{B9F59410-B394-4282-BD61-ADFFEC822326}.Release|x64.Build.0 = Release|Any CPU
		{B9F59410-B394-4282-BD61-ADFFEC822326}.Release|x86.ActiveCfg = Release|Any CPU
		{B9F59410-B394-4282-BD61-ADFFEC822326}.Release|x86.Build.0 = Release|Any CPU
	EndGlobalSection
	GlobalSection(SolutionProperties) = preSolution
		HideSolutionNode = FALSE
	EndGlobalSection
	GlobalSection(NestedProjects) = preSolution
		{65ABFB5D-2B10-DF64-BF12-C17976F8E5D9} = {827E0CD3-B72D-47B6-A68D-7590B98EB39B}
		{40655383-844C-4704-A18A-1FD1368FE9A9} = {65ABFB5D-2B10-DF64-BF12-C17976F8E5D9}
		{F0C9D849-9F0D-4FF2-B22F-6ECFBEEA1EA0} = {65ABFB5D-2B10-DF64-BF12-C17976F8E5D9}
		{356995EA-5470-4E31-B9D0-5E6272307CB8} = {65ABFB5D-2B10-DF64-BF12-C17976F8E5D9}
		{CF63DC2C-355B-47F5-B5C2-623047693826} = {65ABFB5D-2B10-DF64-BF12-C17976F8E5D9}
		{C8E42992-5E42-0C2B-DBFE-AA848D06431C} = {827E0CD3-B72D-47B6-A68D-7590B98EB39B}
		{4B92D1E8-1496-478D-B486-91D9F878978E} = {C8E42992-5E42-0C2B-DBFE-AA848D06431C}
		{C3686511-B42F-4D1B-8809-87D17A2B3487} = {C8E42992-5E42-0C2B-DBFE-AA848D06431C}
		{B9F59410-B394-4282-BD61-ADFFEC822326} = {0AB3BF05-4346-4AA6-1389-037BE0695223}
	EndGlobalSection
EndGlobal
