
Microsoft Visual Studio Solution File, Format Version 12.00
# Visual Studio Version 17
VisualStudioVersion = 17.0.31903.59
MinimumVisualStudioVersion = 10.0.40219.1
Project("{2150E333-8FDC-42A3-9474-1A3956D46DE8}") = "src", "src", "{827E0CD3-B72D-47B6-A68D-7590B98EB39B}"
EndProject
Project("{2150E333-8FDC-42A3-9474-1A3956D46DE8}") = "Holodex", "Holodex", "{9B57957E-C0CA-90C0-26F5-C49CEF984E42}"
EndProject
Project("{FAE04EC0-301F-11D3-BF4B-00C04F79EFBC}") = "Holodex.Domain", "src\Holodex\Holodex.Domain\Holodex.Domain.csproj", "{7421B43A-0B22-4A5B-AB9F-62CCC9668847}"
EndProject
Project("{FAE04EC0-301F-11D3-BF4B-00C04F79EFBC}") = "Holodex.Application", "src\Holodex\Holodex.Application\Holodex.Application.csproj", "{C098D9C0-10FC-42FA-8CAA-A4FE74F7A669}"
EndProject
Project("{FAE04EC0-301F-11D3-BF4B-00C04F79EFBC}") = "Holodex.Infrastructure", "src\Holodex\Holodex.Infrastructure\Holodex.Infrastructure.csproj", "{2243B1AB-4B0C-406D-B6E2-FA5F982D16A6}"
EndProject
Project("{FAE04EC0-301F-11D3-BF4B-00C04F79EFBC}") = "Holodex.API", "src\Holodex\Holodex.API\Holodex.API.csproj", "{8E71C17A-4AB1-4B2D-9276-C6621A21DAC0}"
EndProject
Project("{FAE04EC0-301F-11D3-BF4B-00C04F79EFBC}") = "Shared.Contracts", "src\Shared\Shared.Contracts\Shared.Contracts.csproj", "{B36F78E2-E375-4E54-95D6-6F01E4677525}"
EndProject
Project("{FAE04EC0-301F-11D3-BF4B-00C04F79EFBC}") = "Shared.Infrastructure", "src\Shared\Shared.Infrastructure\Shared.Infrastructure.csproj", "{77CED4EA-D4B9-4D4F-99D2-20A1D5FAEC40}"
EndProject
Global
	GlobalSection(SolutionConfigurationPlatforms) = preSolution
		Debug|Any CPU = Debug|Any CPU
		Debug|x64 = Debug|x64
		Debug|x86 = Debug|x86
		Release|Any CPU = Release|Any CPU
		Release|x64 = Release|x64
		Release|x86 = Release|x86
	EndGlobalSection
	GlobalSection(ProjectConfigurationPlatforms) = postSolution
		{7421B43A-0B22-4A5B-AB9F-62CCC9668847}.Debug|Any CPU.ActiveCfg = Debug|Any CPU
		{7421B43A-0B22-4A5B-AB9F-62CCC9668847}.Debug|Any CPU.Build.0 = Debug|Any CPU
		{7421B43A-0B22-4A5B-AB9F-62CCC9668847}.Debug|x64.ActiveCfg = Debug|Any CPU
		{7421B43A-0B22-4A5B-AB9F-62CCC9668847}.Debug|x64.Build.0 = Debug|Any CPU
		{7421B43A-0B22-4A5B-AB9F-62CCC9668847}.Debug|x86.ActiveCfg = Debug|Any CPU
		{7421B43A-0B22-4A5B-AB9F-62CCC9668847}.Debug|x86.Build.0 = Debug|Any CPU
		{7421B43A-0B22-4A5B-AB9F-62CCC9668847}.Release|Any CPU.ActiveCfg = Release|Any CPU
		{7421B43A-0B22-4A5B-AB9F-62CCC9668847}.Release|Any CPU.Build.0 = Release|Any CPU
		{7421B43A-0B22-4A5B-AB9F-62CCC9668847}.Release|x64.ActiveCfg = Release|Any CPU
		{7421B43A-0B22-4A5B-AB9F-62CCC9668847}.Release|x64.Build.0 = Release|Any CPU
		{7421B43A-0B22-4A5B-AB9F-62CCC9668847}.Release|x86.ActiveCfg = Release|Any CPU
		{7421B43A-0B22-4A5B-AB9F-62CCC9668847}.Release|x86.Build.0 = Release|Any CPU
		{C098D9C0-10FC-42FA-8CAA-A4FE74F7A669}.Debug|Any CPU.ActiveCfg = Debug|Any CPU
		{C098D9C0-10FC-42FA-8CAA-A4FE74F7A669}.Debug|Any CPU.Build.0 = Debug|Any CPU
		{C098D9C0-10FC-42FA-8CAA-A4FE74F7A669}.Debug|x64.ActiveCfg = Debug|Any CPU
		{C098D9C0-10FC-42FA-8CAA-A4FE74F7A669}.Debug|x64.Build.0 = Debug|Any CPU
		{C098D9C0-10FC-42FA-8CAA-A4FE74F7A669}.Debug|x86.ActiveCfg = Debug|Any CPU
		{C098D9C0-10FC-42FA-8CAA-A4FE74F7A669}.Debug|x86.Build.0 = Debug|Any CPU
		{C098D9C0-10FC-42FA-8CAA-A4FE74F7A669}.Release|Any CPU.ActiveCfg = Release|Any CPU
		{C098D9C0-10FC-42FA-8CAA-A4FE74F7A669}.Release|Any CPU.Build.0 = Release|Any CPU
		{C098D9C0-10FC-42FA-8CAA-A4FE74F7A669}.Release|x64.ActiveCfg = Release|Any CPU
		{C098D9C0-10FC-42FA-8CAA-A4FE74F7A669}.Release|x64.Build.0 = Release|Any CPU
		{C098D9C0-10FC-42FA-8CAA-A4FE74F7A669}.Release|x86.ActiveCfg = Release|Any CPU
		{C098D9C0-10FC-42FA-8CAA-A4FE74F7A669}.Release|x86.Build.0 = Release|Any CPU
		{2243B1AB-4B0C-406D-B6E2-FA5F982D16A6}.Debug|Any CPU.ActiveCfg = Debug|Any CPU
		{2243B1AB-4B0C-406D-B6E2-FA5F982D16A6}.Debug|Any CPU.Build.0 = Debug|Any CPU
		{2243B1AB-4B0C-406D-B6E2-FA5F982D16A6}.Debug|x64.ActiveCfg = Debug|Any CPU
		{2243B1AB-4B0C-406D-B6E2-FA5F982D16A6}.Debug|x64.Build.0 = Debug|Any CPU
		{2243B1AB-4B0C-406D-B6E2-FA5F982D16A6}.Debug|x86.ActiveCfg = Debug|Any CPU
		{2243B1AB-4B0C-406D-B6E2-FA5F982D16A6}.Debug|x86.Build.0 = Debug|Any CPU
		{2243B1AB-4B0C-406D-B6E2-FA5F982D16A6}.Release|Any CPU.ActiveCfg = Release|Any CPU
		{2243B1AB-4B0C-406D-B6E2-FA5F982D16A6}.Release|Any CPU.Build.0 = Release|Any CPU
		{2243B1AB-4B0C-406D-B6E2-FA5F982D16A6}.Release|x64.ActiveCfg = Release|Any CPU
		{2243B1AB-4B0C-406D-B6E2-FA5F982D16A6}.Release|x64.Build.0 = Release|Any CPU
		{2243B1AB-4B0C-406D-B6E2-FA5F982D16A6}.Release|x86.ActiveCfg = Release|Any CPU
		{2243B1AB-4B0C-406D-B6E2-FA5F982D16A6}.Release|x86.Build.0 = Release|Any CPU
		{8E71C17A-4AB1-4B2D-9276-C6621A21DAC0}.Debug|Any CPU.ActiveCfg = Debug|Any CPU
		{8E71C17A-4AB1-4B2D-9276-C6621A21DAC0}.Debug|Any CPU.Build.0 = Debug|Any CPU
		{8E71C17A-4AB1-4B2D-9276-C6621A21DAC0}.Debug|x64.ActiveCfg = Debug|Any CPU
		{8E71C17A-4AB1-4B2D-9276-C6621A21DAC0}.Debug|x64.Build.0 = Debug|Any CPU
		{8E71C17A-4AB1-4B2D-9276-C6621A21DAC0}.Debug|x86.ActiveCfg = Debug|Any CPU
		{8E71C17A-4AB1-4B2D-9276-C6621A21DAC0}.Debug|x86.Build.0 = Debug|Any CPU
		{8E71C17A-4AB1-4B2D-9276-C6621A21DAC0}.Release|Any CPU.ActiveCfg = Release|Any CPU
		{8E71C17A-4AB1-4B2D-9276-C6621A21DAC0}.Release|Any CPU.Build.0 = Release|Any CPU
		{8E71C17A-4AB1-4B2D-9276-C6621A21DAC0}.Release|x64.ActiveCfg = Release|Any CPU
		{8E71C17A-4AB1-4B2D-9276-C6621A21DAC0}.Release|x64.Build.0 = Release|Any CPU
		{8E71C17A-4AB1-4B2D-9276-C6621A21DAC0}.Release|x86.ActiveCfg = Release|Any CPU
		{8E71C17A-4AB1-4B2D-9276-C6621A21DAC0}.Release|x86.Build.0 = Release|Any CPU
		{B36F78E2-E375-4E54-95D6-6F01E4677525}.Debug|Any CPU.ActiveCfg = Debug|Any CPU
		{B36F78E2-E375-4E54-95D6-6F01E4677525}.Debug|Any CPU.Build.0 = Debug|Any CPU
		{B36F78E2-E375-4E54-95D6-6F01E4677525}.Debug|x64.ActiveCfg = Debug|Any CPU
		{B36F78E2-E375-4E54-95D6-6F01E4677525}.Debug|x64.Build.0 = Debug|Any CPU
		{B36F78E2-E375-4E54-95D6-6F01E4677525}.Debug|x86.ActiveCfg = Debug|Any CPU
		{B36F78E2-E375-4E54-95D6-6F01E4677525}.Debug|x86.Build.0 = Debug|Any CPU
		{B36F78E2-E375-4E54-95D6-6F01E4677525}.Release|Any CPU.ActiveCfg = Release|Any CPU
		{B36F78E2-E375-4E54-95D6-6F01E4677525}.Release|Any CPU.Build.0 = Release|Any CPU
		{B36F78E2-E375-4E54-95D6-6F01E4677525}.Release|x64.ActiveCfg = Release|Any CPU
		{B36F78E2-E375-4E54-95D6-6F01E4677525}.Release|x64.Build.0 = Release|Any CPU
		{B36F78E2-E375-4E54-95D6-6F01E4677525}.Release|x86.ActiveCfg = Release|Any CPU
		{B36F78E2-E375-4E54-95D6-6F01E4677525}.Release|x86.Build.0 = Release|Any CPU
		{77CED4EA-D4B9-4D4F-99D2-20A1D5FAEC40}.Debug|Any CPU.ActiveCfg = Debug|Any CPU
		{77CED4EA-D4B9-4D4F-99D2-20A1D5FAEC40}.Debug|Any CPU.Build.0 = Debug|Any CPU
		{77CED4EA-D4B9-4D4F-99D2-20A1D5FAEC40}.Debug|x64.ActiveCfg = Debug|Any CPU
		{77CED4EA-D4B9-4D4F-99D2-20A1D5FAEC40}.Debug|x64.Build.0 = Debug|Any CPU
		{77CED4EA-D4B9-4D4F-99D2-20A1D5FAEC40}.Debug|x86.ActiveCfg = Debug|Any CPU
		{77CED4EA-D4B9-4D4F-99D2-20A1D5FAEC40}.Debug|x86.Build.0 = Debug|Any CPU
		{77CED4EA-D4B9-4D4F-99D2-20A1D5FAEC40}.Release|Any CPU.ActiveCfg = Release|Any CPU
		{77CED4EA-D4B9-4D4F-99D2-20A1D5FAEC40}.Release|Any CPU.Build.0 = Release|Any CPU
		{77CED4EA-D4B9-4D4F-99D2-20A1D5FAEC40}.Release|x64.ActiveCfg = Release|Any CPU
		{77CED4EA-D4B9-4D4F-99D2-20A1D5FAEC40}.Release|x64.Build.0 = Release|Any CPU
		{77CED4EA-D4B9-4D4F-99D2-20A1D5FAEC40}.Release|x86.ActiveCfg = Release|Any CPU
		{77CED4EA-D4B9-4D4F-99D2-20A1D5FAEC40}.Release|x86.Build.0 = Release|Any CPU
	EndGlobalSection
	GlobalSection(SolutionProperties) = preSolution
		HideSolutionNode = FALSE
	EndGlobalSection
	GlobalSection(NestedProjects) = preSolution
		{9B57957E-C0CA-90C0-26F5-C49CEF984E42} = {827E0CD3-B72D-47B6-A68D-7590B98EB39B}
		{7421B43A-0B22-4A5B-AB9F-62CCC9668847} = {9B57957E-C0CA-90C0-26F5-C49CEF984E42}
		{C098D9C0-10FC-42FA-8CAA-A4FE74F7A669} = {9B57957E-C0CA-90C0-26F5-C49CEF984E42}
		{2243B1AB-4B0C-406D-B6E2-FA5F982D16A6} = {9B57957E-C0CA-90C0-26F5-C49CEF984E42}
		{8E71C17A-4AB1-4B2D-9276-C6621A21DAC0} = {9B57957E-C0CA-90C0-26F5-C49CEF984E42}
		{B36F78E2-E375-4E54-95D6-6F01E4677525} = {9B57957E-C0CA-90C0-26F5-C49CEF984E42}
		{77CED4EA-D4B9-4D4F-99D2-20A1D5FAEC40} = {9B57957E-C0CA-90C0-26F5-C49CEF984E42}
	EndGlobalSection
EndGlobal
