
Microsoft Visual Studio Solution File, Format Version 12.00
# Visual Studio Version 17
VisualStudioVersion = 17.0.31903.59
MinimumVisualStudioVersion = 10.0.40219.1
Project("{2150E333-8FDC-42A3-9474-1A3956D46DE8}") = "src", "src", "{827E0CD3-B72D-47B6-A68D-7590B98EB39B}"
EndProject
Project("{2150E333-8FDC-42A3-9474-1A3956D46DE8}") = "NativeApp", "NativeApp", "{F151FB6C-DC66-B218-D373-89FBAF8356A2}"
EndProject
Project("{FAE04EC0-301F-11D3-BF4B-00C04F79EFBC}") = "NativeApp.Core", "src\NativeApp\NativeApp.Core\NativeApp.Core.csproj", "{E50D3345-194F-48C4-944D-0BE9A777F978}"
EndProject
Project("{FAE04EC0-301F-11D3-BF4B-00C04F79EFBC}") = "NativeApp.Windows", "src\NativeApp\NativeApp.Windows\NativeApp.Windows.csproj", "{79618718-1492-4C9D-822F-B4599071E157}"
EndProject
Global
	GlobalSection(SolutionConfigurationPlatforms) = preSolution
		Debug|Any CPU = Debug|Any CPU
		Debug|x64 = Debug|x64
		Debug|x86 = Debug|x86
		Release|Any CPU = Release|Any CPU
		Release|x64 = Release|x64
		Release|x86 = Release|x86
	EndGlobalSection
	GlobalSection(ProjectConfigurationPlatforms) = postSolution
		{E50D3345-194F-48C4-944D-0BE9A777F978}.Debug|Any CPU.ActiveCfg = Debug|Any CPU
		{E50D3345-194F-48C4-944D-0BE9A777F978}.Debug|Any CPU.Build.0 = Debug|Any CPU
		{E50D3345-194F-48C4-944D-0BE9A777F978}.Debug|x64.ActiveCfg = Debug|Any CPU
		{E50D3345-194F-48C4-944D-0BE9A777F978}.Debug|x64.Build.0 = Debug|Any CPU
		{E50D3345-194F-48C4-944D-0BE9A777F978}.Debug|x86.ActiveCfg = Debug|Any CPU
		{E50D3345-194F-48C4-944D-0BE9A777F978}.Debug|x86.Build.0 = Debug|Any CPU
		{E50D3345-194F-48C4-944D-0BE9A777F978}.Release|Any CPU.ActiveCfg = Release|Any CPU
		{E50D3345-194F-48C4-944D-0BE9A777F978}.Release|Any CPU.Build.0 = Release|Any CPU
		{E50D3345-194F-48C4-944D-0BE9A777F978}.Release|x64.ActiveCfg = Release|Any CPU
		{E50D3345-194F-48C4-944D-0BE9A777F978}.Release|x64.Build.0 = Release|Any CPU
		{E50D3345-194F-48C4-944D-0BE9A777F978}.Release|x86.ActiveCfg = Release|Any CPU
		{E50D3345-194F-48C4-944D-0BE9A777F978}.Release|x86.Build.0 = Release|Any CPU
		{79618718-1492-4C9D-822F-B4599071E157}.Debug|Any CPU.ActiveCfg = Debug|Any CPU
		{79618718-1492-4C9D-822F-B4599071E157}.Debug|Any CPU.Build.0 = Debug|Any CPU
		{79618718-1492-4C9D-822F-B4599071E157}.Debug|x64.ActiveCfg = Debug|Any CPU
		{79618718-1492-4C9D-822F-B4599071E157}.Debug|x64.Build.0 = Debug|Any CPU
		{79618718-1492-4C9D-822F-B4599071E157}.Debug|x86.ActiveCfg = Debug|Any CPU
		{79618718-1492-4C9D-822F-B4599071E157}.Debug|x86.Build.0 = Debug|Any CPU
		{79618718-1492-4C9D-822F-B4599071E157}.Release|Any CPU.ActiveCfg = Release|Any CPU
		{79618718-1492-4C9D-822F-B4599071E157}.Release|Any CPU.Build.0 = Release|Any CPU
		{79618718-1492-4C9D-822F-B4599071E157}.Release|x64.ActiveCfg = Release|Any CPU
		{79618718-1492-4C9D-822F-B4599071E157}.Release|x64.Build.0 = Release|Any CPU
		{79618718-1492-4C9D-822F-B4599071E157}.Release|x86.ActiveCfg = Release|Any CPU
		{79618718-1492-4C9D-822F-B4599071E157}.Release|x86.Build.0 = Release|Any CPU
	EndGlobalSection
	GlobalSection(SolutionProperties) = preSolution
		HideSolutionNode = FALSE
	EndGlobalSection
	GlobalSection(NestedProjects) = preSolution
		{F151FB6C-DC66-B218-D373-89FBAF8356A2} = {827E0CD3-B72D-47B6-A68D-7590B98EB39B}
		{E50D3345-194F-48C4-944D-0BE9A777F978} = {F151FB6C-DC66-B218-D373-89FBAF8356A2}
		{79618718-1492-4C9D-822F-B4599071E157} = {F151FB6C-DC66-B218-D373-89FBAF8356A2}
	EndGlobalSection
EndGlobal
