
Microsoft Visual Studio Solution File, Format Version 12.00
# Visual Studio Version 17
VisualStudioVersion = 17.0.31903.59
MinimumVisualStudioVersion = 10.0.40219.1
Project("{2150E333-8FDC-42A3-9474-1A3956D46DE8}") = "src", "src", "{827E0CD3-B72D-47B6-A68D-7590B98EB39B}"
EndProject
Project("{2150E333-8FDC-42A3-9474-1A3956D46DE8}") = "Community", "Community", "{2214FAAC-64EF-DFA0-A9EA-32B41DD74345}"
EndProject
Project("{FAE04EC0-301F-11D3-BF4B-00C04F79EFBC}") = "Community.Domain", "src\Community\Community.Domain\Community.Domain.csproj", "{1B1A2B31-000F-4724-9719-E35CFB94B8BD}"
EndProject
Project("{FAE04EC0-301F-11D3-BF4B-00C04F79EFBC}") = "Community.Application", "src\Community\Community.Application\Community.Application.csproj", "{F07ED7AE-C673-49E4-AD02-1CCB22358242}"
EndProject
Project("{FAE04EC0-301F-11D3-BF4B-00C04F79EFBC}") = "Community.Infrastructure", "src\Community\Community.Infrastructure\Community.Infrastructure.csproj", "{0E0DD670-BE8C-4D86-9B4D-1FA758D9F649}"
EndProject
Project("{FAE04EC0-301F-11D3-BF4B-00C04F79EFBC}") = "Community.API", "src\Community\Community.API\Community.API.csproj", "{E46431BC-F177-4414-94AE-CCE3FF78380A}"
EndProject
Project("{2150E333-8FDC-42A3-9474-1A3956D46DE8}") = "Shared", "Shared", "{C8E42992-5E42-0C2B-DBFE-AA848D06431C}"
EndProject
Project("{FAE04EC0-301F-11D3-BF4B-00C04F79EFBC}") = "Shared.Infrastructure", "src\Shared\Shared.Infrastructure\Shared.Infrastructure.csproj", "{309BF51C-E56B-4E10-BD5D-F024189C015F}"
EndProject
Project("{FAE04EC0-301F-11D3-BF4B-00C04F79EFBC}") = "Shared.Contracts", "src\Shared\Shared.Contracts\Shared.Contracts.csproj", "{656B657D-AD0C-4EEC-BF78-C65B350B575B}"
EndProject
Global
	GlobalSection(SolutionConfigurationPlatforms) = preSolution
		Debug|Any CPU = Debug|Any CPU
		Debug|x64 = Debug|x64
		Debug|x86 = Debug|x86
		Release|Any CPU = Release|Any CPU
		Release|x64 = Release|x64
		Release|x86 = Release|x86
	EndGlobalSection
	GlobalSection(ProjectConfigurationPlatforms) = postSolution
		{1B1A2B31-000F-4724-9719-E35CFB94B8BD}.Debug|Any CPU.ActiveCfg = Debug|Any CPU
		{1B1A2B31-000F-4724-9719-E35CFB94B8BD}.Debug|Any CPU.Build.0 = Debug|Any CPU
		{1B1A2B31-000F-4724-9719-E35CFB94B8BD}.Debug|x64.ActiveCfg = Debug|Any CPU
		{1B1A2B31-000F-4724-9719-E35CFB94B8BD}.Debug|x64.Build.0 = Debug|Any CPU
		{1B1A2B31-000F-4724-9719-E35CFB94B8BD}.Debug|x86.ActiveCfg = Debug|Any CPU
		{1B1A2B31-000F-4724-9719-E35CFB94B8BD}.Debug|x86.Build.0 = Debug|Any CPU
		{1B1A2B31-000F-4724-9719-E35CFB94B8BD}.Release|Any CPU.ActiveCfg = Release|Any CPU
		{1B1A2B31-000F-4724-9719-E35CFB94B8BD}.Release|Any CPU.Build.0 = Release|Any CPU
		{1B1A2B31-000F-4724-9719-E35CFB94B8BD}.Release|x64.ActiveCfg = Release|Any CPU
		{1B1A2B31-000F-4724-9719-E35CFB94B8BD}.Release|x64.Build.0 = Release|Any CPU
		{1B1A2B31-000F-4724-9719-E35CFB94B8BD}.Release|x86.ActiveCfg = Release|Any CPU
		{1B1A2B31-000F-4724-9719-E35CFB94B8BD}.Release|x86.Build.0 = Release|Any CPU
		{F07ED7AE-C673-49E4-AD02-1CCB22358242}.Debug|Any CPU.ActiveCfg = Debug|Any CPU
		{F07ED7AE-C673-49E4-AD02-1CCB22358242}.Debug|Any CPU.Build.0 = Debug|Any CPU
		{F07ED7AE-C673-49E4-AD02-1CCB22358242}.Debug|x64.ActiveCfg = Debug|Any CPU
		{F07ED7AE-C673-49E4-AD02-1CCB22358242}.Debug|x64.Build.0 = Debug|Any CPU
		{F07ED7AE-C673-49E4-AD02-1CCB22358242}.Debug|x86.ActiveCfg = Debug|Any CPU
		{F07ED7AE-C673-49E4-AD02-1CCB22358242}.Debug|x86.Build.0 = Debug|Any CPU
		{F07ED7AE-C673-49E4-AD02-1CCB22358242}.Release|Any CPU.ActiveCfg = Release|Any CPU
		{F07ED7AE-C673-49E4-AD02-1CCB22358242}.Release|Any CPU.Build.0 = Release|Any CPU
		{F07ED7AE-C673-49E4-AD02-1CCB22358242}.Release|x64.ActiveCfg = Release|Any CPU
		{F07ED7AE-C673-49E4-AD02-1CCB22358242}.Release|x64.Build.0 = Release|Any CPU
		{F07ED7AE-C673-49E4-AD02-1CCB22358242}.Release|x86.ActiveCfg = Release|Any CPU
		{F07ED7AE-C673-49E4-AD02-1CCB22358242}.Release|x86.Build.0 = Release|Any CPU
		{0E0DD670-BE8C-4D86-9B4D-1FA758D9F649}.Debug|Any CPU.ActiveCfg = Debug|Any CPU
		{0E0DD670-BE8C-4D86-9B4D-1FA758D9F649}.Debug|Any CPU.Build.0 = Debug|Any CPU
		{0E0DD670-BE8C-4D86-9B4D-1FA758D9F649}.Debug|x64.ActiveCfg = Debug|Any CPU
		{0E0DD670-BE8C-4D86-9B4D-1FA758D9F649}.Debug|x64.Build.0 = Debug|Any CPU
		{0E0DD670-BE8C-4D86-9B4D-1FA758D9F649}.Debug|x86.ActiveCfg = Debug|Any CPU
		{0E0DD670-BE8C-4D86-9B4D-1FA758D9F649}.Debug|x86.Build.0 = Debug|Any CPU
		{0E0DD670-BE8C-4D86-9B4D-1FA758D9F649}.Release|Any CPU.ActiveCfg = Release|Any CPU
		{0E0DD670-BE8C-4D86-9B4D-1FA758D9F649}.Release|Any CPU.Build.0 = Release|Any CPU
		{0E0DD670-BE8C-4D86-9B4D-1FA758D9F649}.Release|x64.ActiveCfg = Release|Any CPU
		{0E0DD670-BE8C-4D86-9B4D-1FA758D9F649}.Release|x64.Build.0 = Release|Any CPU
		{0E0DD670-BE8C-4D86-9B4D-1FA758D9F649}.Release|x86.ActiveCfg = Release|Any CPU
		{0E0DD670-BE8C-4D86-9B4D-1FA758D9F649}.Release|x86.Build.0 = Release|Any CPU
		{E46431BC-F177-4414-94AE-CCE3FF78380A}.Debug|Any CPU.ActiveCfg = Debug|Any CPU
		{E46431BC-F177-4414-94AE-CCE3FF78380A}.Debug|Any CPU.Build.0 = Debug|Any CPU
		{E46431BC-F177-4414-94AE-CCE3FF78380A}.Debug|x64.ActiveCfg = Debug|Any CPU
		{E46431BC-F177-4414-94AE-CCE3FF78380A}.Debug|x64.Build.0 = Debug|Any CPU
		{E46431BC-F177-4414-94AE-CCE3FF78380A}.Debug|x86.ActiveCfg = Debug|Any CPU
		{E46431BC-F177-4414-94AE-CCE3FF78380A}.Debug|x86.Build.0 = Debug|Any CPU
		{E46431BC-F177-4414-94AE-CCE3FF78380A}.Release|Any CPU.ActiveCfg = Release|Any CPU
		{E46431BC-F177-4414-94AE-CCE3FF78380A}.Release|Any CPU.Build.0 = Release|Any CPU
		{E46431BC-F177-4414-94AE-CCE3FF78380A}.Release|x64.ActiveCfg = Release|Any CPU
		{E46431BC-F177-4414-94AE-CCE3FF78380A}.Release|x64.Build.0 = Release|Any CPU
		{E46431BC-F177-4414-94AE-CCE3FF78380A}.Release|x86.ActiveCfg = Release|Any CPU
		{E46431BC-F177-4414-94AE-CCE3FF78380A}.Release|x86.Build.0 = Release|Any CPU
		{309BF51C-E56B-4E10-BD5D-F024189C015F}.Debug|Any CPU.ActiveCfg = Debug|Any CPU
		{309BF51C-E56B-4E10-BD5D-F024189C015F}.Debug|Any CPU.Build.0 = Debug|Any CPU
		{309BF51C-E56B-4E10-BD5D-F024189C015F}.Debug|x64.ActiveCfg = Debug|Any CPU
		{309BF51C-E56B-4E10-BD5D-F024189C015F}.Debug|x64.Build.0 = Debug|Any CPU
		{309BF51C-E56B-4E10-BD5D-F024189C015F}.Debug|x86.ActiveCfg = Debug|Any CPU
		{309BF51C-E56B-4E10-BD5D-F024189C015F}.Debug|x86.Build.0 = Debug|Any CPU
		{309BF51C-E56B-4E10-BD5D-F024189C015F}.Release|Any CPU.ActiveCfg = Release|Any CPU
		{309BF51C-E56B-4E10-BD5D-F024189C015F}.Release|Any CPU.Build.0 = Release|Any CPU
		{309BF51C-E56B-4E10-BD5D-F024189C015F}.Release|x64.ActiveCfg = Release|Any CPU
		{309BF51C-E56B-4E10-BD5D-F024189C015F}.Release|x64.Build.0 = Release|Any CPU
		{309BF51C-E56B-4E10-BD5D-F024189C015F}.Release|x86.ActiveCfg = Release|Any CPU
		{309BF51C-E56B-4E10-BD5D-F024189C015F}.Release|x86.Build.0 = Release|Any CPU
		{656B657D-AD0C-4EEC-BF78-C65B350B575B}.Debug|Any CPU.ActiveCfg = Debug|Any CPU
		{656B657D-AD0C-4EEC-BF78-C65B350B575B}.Debug|Any CPU.Build.0 = Debug|Any CPU
		{656B657D-AD0C-4EEC-BF78-C65B350B575B}.Debug|x64.ActiveCfg = Debug|Any CPU
		{656B657D-AD0C-4EEC-BF78-C65B350B575B}.Debug|x64.Build.0 = Debug|Any CPU
		{656B657D-AD0C-4EEC-BF78-C65B350B575B}.Debug|x86.ActiveCfg = Debug|Any CPU
		{656B657D-AD0C-4EEC-BF78-C65B350B575B}.Debug|x86.Build.0 = Debug|Any CPU
		{656B657D-AD0C-4EEC-BF78-C65B350B575B}.Release|Any CPU.ActiveCfg = Release|Any CPU
		{656B657D-AD0C-4EEC-BF78-C65B350B575B}.Release|Any CPU.Build.0 = Release|Any CPU
		{656B657D-AD0C-4EEC-BF78-C65B350B575B}.Release|x64.ActiveCfg = Release|Any CPU
		{656B657D-AD0C-4EEC-BF78-C65B350B575B}.Release|x64.Build.0 = Release|Any CPU
		{656B657D-AD0C-4EEC-BF78-C65B350B575B}.Release|x86.ActiveCfg = Release|Any CPU
		{656B657D-AD0C-4EEC-BF78-C65B350B575B}.Release|x86.Build.0 = Release|Any CPU
	EndGlobalSection
	GlobalSection(SolutionProperties) = preSolution
		HideSolutionNode = FALSE
	EndGlobalSection
	GlobalSection(NestedProjects) = preSolution
		{2214FAAC-64EF-DFA0-A9EA-32B41DD74345} = {827E0CD3-B72D-47B6-A68D-7590B98EB39B}
		{1B1A2B31-000F-4724-9719-E35CFB94B8BD} = {2214FAAC-64EF-DFA0-A9EA-32B41DD74345}
		{F07ED7AE-C673-49E4-AD02-1CCB22358242} = {2214FAAC-64EF-DFA0-A9EA-32B41DD74345}
		{0E0DD670-BE8C-4D86-9B4D-1FA758D9F649} = {2214FAAC-64EF-DFA0-A9EA-32B41DD74345}
		{E46431BC-F177-4414-94AE-CCE3FF78380A} = {2214FAAC-64EF-DFA0-A9EA-32B41DD74345}
		{C8E42992-5E42-0C2B-DBFE-AA848D06431C} = {827E0CD3-B72D-47B6-A68D-7590B98EB39B}
		{309BF51C-E56B-4E10-BD5D-F024189C015F} = {C8E42992-5E42-0C2B-DBFE-AA848D06431C}
		{656B657D-AD0C-4EEC-BF78-C65B350B575B} = {C8E42992-5E42-0C2B-DBFE-AA848D06431C}
	EndGlobalSection
EndGlobal
