
Microsoft Visual Studio Solution File, Format Version 12.00
# Visual Studio Version 17
VisualStudioVersion = 17.0.31903.59
MinimumVisualStudioVersion = 10.0.40219.1
Project("{2150E333-8FDC-42A3-9474-1A3956D46DE8}") = "src", "src", "{827E0CD3-B72D-47B6-A68D-7590B98EB39B}"
EndProject
Project("{2150E333-8FDC-42A3-9474-1A3956D46DE8}") = "Twitch", "Twitch", "{CBFA4048-6D19-4DCA-525A-3B676DABD27F}"
EndProject
Project("{FAE04EC0-301F-11D3-BF4B-00C04F79EFBC}") = "Twitch.Domain", "src\Twitch\Twitch.Domain\Twitch.Domain.csproj", "{DDBEF7B5-7E80-4522-9FCD-6CA5754C0A52}"
EndProject
Project("{FAE04EC0-301F-11D3-BF4B-00C04F79EFBC}") = "Twitch.Application", "src\Twitch\Twitch.Application\Twitch.Application.csproj", "{B77C0AE7-ECF7-4313-9E35-D0AE9826D126}"
EndProject
Project("{FAE04EC0-301F-11D3-BF4B-00C04F79EFBC}") = "Twitch.Infrastructure", "src\Twitch\Twitch.Infrastructure\Twitch.Infrastructure.csproj", "{967C6219-30C4-4E17-973F-3FC37ECD676C}"
EndProject
Project("{FAE04EC0-301F-11D3-BF4B-00C04F79EFBC}") = "Twitch.API", "src\Twitch\Twitch.API\Twitch.API.csproj", "{00FE382E-B9F7-4FC7-BD05-3252A4599A70}"
EndProject
Project("{FAE04EC0-301F-11D3-BF4B-00C04F79EFBC}") = "Shared.Contracts", "src\Shared\Shared.Contracts\Shared.Contracts.csproj", "{D135586B-A265-4363-A054-6CDFB15782B1}"
EndProject
Project("{FAE04EC0-301F-11D3-BF4B-00C04F79EFBC}") = "Shared.Infrastructure", "src\Shared\Shared.Infrastructure\Shared.Infrastructure.csproj", "{5DC5F419-2760-4F31-85F0-3D370C138B58}"
EndProject
Global
	GlobalSection(SolutionConfigurationPlatforms) = preSolution
		Debug|Any CPU = Debug|Any CPU
		Debug|x64 = Debug|x64
		Debug|x86 = Debug|x86
		Release|Any CPU = Release|Any CPU
		Release|x64 = Release|x64
		Release|x86 = Release|x86
	EndGlobalSection
	GlobalSection(ProjectConfigurationPlatforms) = postSolution
		{DDBEF7B5-7E80-4522-9FCD-6CA5754C0A52}.Debug|Any CPU.ActiveCfg = Debug|Any CPU
		{DDBEF7B5-7E80-4522-9FCD-6CA5754C0A52}.Debug|Any CPU.Build.0 = Debug|Any CPU
		{DDBEF7B5-7E80-4522-9FCD-6CA5754C0A52}.Debug|x64.ActiveCfg = Debug|Any CPU
		{DDBEF7B5-7E80-4522-9FCD-6CA5754C0A52}.Debug|x64.Build.0 = Debug|Any CPU
		{DDBEF7B5-7E80-4522-9FCD-6CA5754C0A52}.Debug|x86.ActiveCfg = Debug|Any CPU
		{DDBEF7B5-7E80-4522-9FCD-6CA5754C0A52}.Debug|x86.Build.0 = Debug|Any CPU
		{DDBEF7B5-7E80-4522-9FCD-6CA5754C0A52}.Release|Any CPU.ActiveCfg = Release|Any CPU
		{DDBEF7B5-7E80-4522-9FCD-6CA5754C0A52}.Release|Any CPU.Build.0 = Release|Any CPU
		{DDBEF7B5-7E80-4522-9FCD-6CA5754C0A52}.Release|x64.ActiveCfg = Release|Any CPU
		{DDBEF7B5-7E80-4522-9FCD-6CA5754C0A52}.Release|x64.Build.0 = Release|Any CPU
		{DDBEF7B5-7E80-4522-9FCD-6CA5754C0A52}.Release|x86.ActiveCfg = Release|Any CPU
		{DDBEF7B5-7E80-4522-9FCD-6CA5754C0A52}.Release|x86.Build.0 = Release|Any CPU
		{B77C0AE7-ECF7-4313-9E35-D0AE9826D126}.Debug|Any CPU.ActiveCfg = Debug|Any CPU
		{B77C0AE7-ECF7-4313-9E35-D0AE9826D126}.Debug|Any CPU.Build.0 = Debug|Any CPU
		{B77C0AE7-ECF7-4313-9E35-D0AE9826D126}.Debug|x64.ActiveCfg = Debug|Any CPU
		{B77C0AE7-ECF7-4313-9E35-D0AE9826D126}.Debug|x64.Build.0 = Debug|Any CPU
		{B77C0AE7-ECF7-4313-9E35-D0AE9826D126}.Debug|x86.ActiveCfg = Debug|Any CPU
		{B77C0AE7-ECF7-4313-9E35-D0AE9826D126}.Debug|x86.Build.0 = Debug|Any CPU
		{B77C0AE7-ECF7-4313-9E35-D0AE9826D126}.Release|Any CPU.ActiveCfg = Release|Any CPU
		{B77C0AE7-ECF7-4313-9E35-D0AE9826D126}.Release|Any CPU.Build.0 = Release|Any CPU
		{B77C0AE7-ECF7-4313-9E35-D0AE9826D126}.Release|x64.ActiveCfg = Release|Any CPU
		{B77C0AE7-ECF7-4313-9E35-D0AE9826D126}.Release|x64.Build.0 = Release|Any CPU
		{B77C0AE7-ECF7-4313-9E35-D0AE9826D126}.Release|x86.ActiveCfg = Release|Any CPU
		{B77C0AE7-ECF7-4313-9E35-D0AE9826D126}.Release|x86.Build.0 = Release|Any CPU
		{967C6219-30C4-4E17-973F-3FC37ECD676C}.Debug|Any CPU.ActiveCfg = Debug|Any CPU
		{967C6219-30C4-4E17-973F-3FC37ECD676C}.Debug|Any CPU.Build.0 = Debug|Any CPU
		{967C6219-30C4-4E17-973F-3FC37ECD676C}.Debug|x64.ActiveCfg = Debug|Any CPU
		{967C6219-30C4-4E17-973F-3FC37ECD676C}.Debug|x64.Build.0 = Debug|Any CPU
		{967C6219-30C4-4E17-973F-3FC37ECD676C}.Debug|x86.ActiveCfg = Debug|Any CPU
		{967C6219-30C4-4E17-973F-3FC37ECD676C}.Debug|x86.Build.0 = Debug|Any CPU
		{967C6219-30C4-4E17-973F-3FC37ECD676C}.Release|Any CPU.ActiveCfg = Release|Any CPU
		{967C6219-30C4-4E17-973F-3FC37ECD676C}.Release|Any CPU.Build.0 = Release|Any CPU
		{967C6219-30C4-4E17-973F-3FC37ECD676C}.Release|x64.ActiveCfg = Release|Any CPU
		{967C6219-30C4-4E17-973F-3FC37ECD676C}.Release|x64.Build.0 = Release|Any CPU
		{967C6219-30C4-4E17-973F-3FC37ECD676C}.Release|x86.ActiveCfg = Release|Any CPU
		{967C6219-30C4-4E17-973F-3FC37ECD676C}.Release|x86.Build.0 = Release|Any CPU
		{00FE382E-B9F7-4FC7-BD05-3252A4599A70}.Debug|Any CPU.ActiveCfg = Debug|Any CPU
		{00FE382E-B9F7-4FC7-BD05-3252A4599A70}.Debug|Any CPU.Build.0 = Debug|Any CPU
		{00FE382E-B9F7-4FC7-BD05-3252A4599A70}.Debug|x64.ActiveCfg = Debug|Any CPU
		{00FE382E-B9F7-4FC7-BD05-3252A4599A70}.Debug|x64.Build.0 = Debug|Any CPU
		{00FE382E-B9F7-4FC7-BD05-3252A4599A70}.Debug|x86.ActiveCfg = Debug|Any CPU
		{00FE382E-B9F7-4FC7-BD05-3252A4599A70}.Debug|x86.Build.0 = Debug|Any CPU
		{00FE382E-B9F7-4FC7-BD05-3252A4599A70}.Release|Any CPU.ActiveCfg = Release|Any CPU
		{00FE382E-B9F7-4FC7-BD05-3252A4599A70}.Release|Any CPU.Build.0 = Release|Any CPU
		{00FE382E-B9F7-4FC7-BD05-3252A4599A70}.Release|x64.ActiveCfg = Release|Any CPU
		{00FE382E-B9F7-4FC7-BD05-3252A4599A70}.Release|x64.Build.0 = Release|Any CPU
		{00FE382E-B9F7-4FC7-BD05-3252A4599A70}.Release|x86.ActiveCfg = Release|Any CPU
		{00FE382E-B9F7-4FC7-BD05-3252A4599A70}.Release|x86.Build.0 = Release|Any CPU
		{D135586B-A265-4363-A054-6CDFB15782B1}.Debug|Any CPU.ActiveCfg = Debug|Any CPU
		{D135586B-A265-4363-A054-6CDFB15782B1}.Debug|Any CPU.Build.0 = Debug|Any CPU
		{D135586B-A265-4363-A054-6CDFB15782B1}.Debug|x64.ActiveCfg = Debug|Any CPU
		{D135586B-A265-4363-A054-6CDFB15782B1}.Debug|x64.Build.0 = Debug|Any CPU
		{D135586B-A265-4363-A054-6CDFB15782B1}.Debug|x86.ActiveCfg = Debug|Any CPU
		{D135586B-A265-4363-A054-6CDFB15782B1}.Debug|x86.Build.0 = Debug|Any CPU
		{D135586B-A265-4363-A054-6CDFB15782B1}.Release|Any CPU.ActiveCfg = Release|Any CPU
		{D135586B-A265-4363-A054-6CDFB15782B1}.Release|Any CPU.Build.0 = Release|Any CPU
		{D135586B-A265-4363-A054-6CDFB15782B1}.Release|x64.ActiveCfg = Release|Any CPU
		{D135586B-A265-4363-A054-6CDFB15782B1}.Release|x64.Build.0 = Release|Any CPU
		{D135586B-A265-4363-A054-6CDFB15782B1}.Release|x86.ActiveCfg = Release|Any CPU
		{D135586B-A265-4363-A054-6CDFB15782B1}.Release|x86.Build.0 = Release|Any CPU
		{5DC5F419-2760-4F31-85F0-3D370C138B58}.Debug|Any CPU.ActiveCfg = Debug|Any CPU
		{5DC5F419-2760-4F31-85F0-3D370C138B58}.Debug|Any CPU.Build.0 = Debug|Any CPU
		{5DC5F419-2760-4F31-85F0-3D370C138B58}.Debug|x64.ActiveCfg = Debug|Any CPU
		{5DC5F419-2760-4F31-85F0-3D370C138B58}.Debug|x64.Build.0 = Debug|Any CPU
		{5DC5F419-2760-4F31-85F0-3D370C138B58}.Debug|x86.ActiveCfg = Debug|Any CPU
		{5DC5F419-2760-4F31-85F0-3D370C138B58}.Debug|x86.Build.0 = Debug|Any CPU
		{5DC5F419-2760-4F31-85F0-3D370C138B58}.Release|Any CPU.ActiveCfg = Release|Any CPU
		{5DC5F419-2760-4F31-85F0-3D370C138B58}.Release|Any CPU.Build.0 = Release|Any CPU
		{5DC5F419-2760-4F31-85F0-3D370C138B58}.Release|x64.ActiveCfg = Release|Any CPU
		{5DC5F419-2760-4F31-85F0-3D370C138B58}.Release|x64.Build.0 = Release|Any CPU
		{5DC5F419-2760-4F31-85F0-3D370C138B58}.Release|x86.ActiveCfg = Release|Any CPU
		{5DC5F419-2760-4F31-85F0-3D370C138B58}.Release|x86.Build.0 = Release|Any CPU
	EndGlobalSection
	GlobalSection(SolutionProperties) = preSolution
		HideSolutionNode = FALSE
	EndGlobalSection
	GlobalSection(NestedProjects) = preSolution
		{CBFA4048-6D19-4DCA-525A-3B676DABD27F} = {827E0CD3-B72D-47B6-A68D-7590B98EB39B}
		{DDBEF7B5-7E80-4522-9FCD-6CA5754C0A52} = {CBFA4048-6D19-4DCA-525A-3B676DABD27F}
		{B77C0AE7-ECF7-4313-9E35-D0AE9826D126} = {CBFA4048-6D19-4DCA-525A-3B676DABD27F}
		{967C6219-30C4-4E17-973F-3FC37ECD676C} = {CBFA4048-6D19-4DCA-525A-3B676DABD27F}
		{00FE382E-B9F7-4FC7-BD05-3252A4599A70} = {CBFA4048-6D19-4DCA-525A-3B676DABD27F}
		{D135586B-A265-4363-A054-6CDFB15782B1} = {CBFA4048-6D19-4DCA-525A-3B676DABD27F}
		{5DC5F419-2760-4F31-85F0-3D370C138B58} = {CBFA4048-6D19-4DCA-525A-3B676DABD27F}
	EndGlobalSection
EndGlobal
