
Microsoft Visual Studio Solution File, Format Version 12.00
# Visual Studio Version 17
VisualStudioVersion = 17.0.31903.59
MinimumVisualStudioVersion = 10.0.40219.1
Project("{2150E333-8FDC-42A3-9474-1A3956D46DE8}") = "src", "src", "{827E0CD3-B72D-47B6-A68D-7590B98EB39B}"
EndProject
Project("{2150E333-8FDC-42A3-9474-1A3956D46DE8}") = "Marketplace", "Marketplace", "{8B393C10-8FF7-75FF-2594-AAF29E15BF15}"
EndProject
Project("{FAE04EC0-301F-11D3-BF4B-00C04F79EFBC}") = "Marketplace.Domain", "src\Marketplace\Marketplace.Domain\Marketplace.Domain.csproj", "{526ADB2A-059D-4E76-9F9F-E44C9C1AA627}"
EndProject
Project("{FAE04EC0-301F-11D3-BF4B-00C04F79EFBC}") = "Marketplace.Application", "src\Marketplace\Marketplace.Application\Marketplace.Application.csproj", "{47626B73-6C8E-4646-B323-ABE07711FF7C}"
EndProject
Project("{FAE04EC0-301F-11D3-BF4B-00C04F79EFBC}") = "Marketplace.Infrastructure", "src\Marketplace\Marketplace.Infrastructure\Marketplace.Infrastructure.csproj", "{7E3BD158-ED58-4D34-86C9-FD8ECF3121FD}"
EndProject
Project("{FAE04EC0-301F-11D3-BF4B-00C04F79EFBC}") = "Marketplace.API", "src\Marketplace\Marketplace.API\Marketplace.API.csproj", "{B01A1583-F39D-470D-8920-2F64AEF407B1}"
EndProject
Project("{2150E333-8FDC-42A3-9474-1A3956D46DE8}") = "Shared", "Shared", "{C8E42992-5E42-0C2B-DBFE-AA848D06431C}"
EndProject
Project("{FAE04EC0-301F-11D3-BF4B-00C04F79EFBC}") = "Shared.Infrastructure", "src\Shared\Shared.Infrastructure\Shared.Infrastructure.csproj", "{1BADE686-5877-4E32-A5E1-69296933833F}"
EndProject
Project("{FAE04EC0-301F-11D3-BF4B-00C04F79EFBC}") = "Shared.Contracts", "src\Shared\Shared.Contracts\Shared.Contracts.csproj", "{24ED8712-74C9-4BBC-AAC9-2CDE905625D5}"
EndProject
Global
	GlobalSection(SolutionConfigurationPlatforms) = preSolution
		Debug|Any CPU = Debug|Any CPU
		Debug|x64 = Debug|x64
		Debug|x86 = Debug|x86
		Release|Any CPU = Release|Any CPU
		Release|x64 = Release|x64
		Release|x86 = Release|x86
	EndGlobalSection
	GlobalSection(ProjectConfigurationPlatforms) = postSolution
		{526ADB2A-059D-4E76-9F9F-E44C9C1AA627}.Debug|Any CPU.ActiveCfg = Debug|Any CPU
		{526ADB2A-059D-4E76-9F9F-E44C9C1AA627}.Debug|Any CPU.Build.0 = Debug|Any CPU
		{526ADB2A-059D-4E76-9F9F-E44C9C1AA627}.Debug|x64.ActiveCfg = Debug|Any CPU
		{526ADB2A-059D-4E76-9F9F-E44C9C1AA627}.Debug|x64.Build.0 = Debug|Any CPU
		{526ADB2A-059D-4E76-9F9F-E44C9C1AA627}.Debug|x86.ActiveCfg = Debug|Any CPU
		{526ADB2A-059D-4E76-9F9F-E44C9C1AA627}.Debug|x86.Build.0 = Debug|Any CPU
		{526ADB2A-059D-4E76-9F9F-E44C9C1AA627}.Release|Any CPU.ActiveCfg = Release|Any CPU
		{526ADB2A-059D-4E76-9F9F-E44C9C1AA627}.Release|Any CPU.Build.0 = Release|Any CPU
		{526ADB2A-059D-4E76-9F9F-E44C9C1AA627}.Release|x64.ActiveCfg = Release|Any CPU
		{526ADB2A-059D-4E76-9F9F-E44C9C1AA627}.Release|x64.Build.0 = Release|Any CPU
		{526ADB2A-059D-4E76-9F9F-E44C9C1AA627}.Release|x86.ActiveCfg = Release|Any CPU
		{526ADB2A-059D-4E76-9F9F-E44C9C1AA627}.Release|x86.Build.0 = Release|Any CPU
		{47626B73-6C8E-4646-B323-ABE07711FF7C}.Debug|Any CPU.ActiveCfg = Debug|Any CPU
		{47626B73-6C8E-4646-B323-ABE07711FF7C}.Debug|Any CPU.Build.0 = Debug|Any CPU
		{47626B73-6C8E-4646-B323-ABE07711FF7C}.Debug|x64.ActiveCfg = Debug|Any CPU
		{47626B73-6C8E-4646-B323-ABE07711FF7C}.Debug|x64.Build.0 = Debug|Any CPU
		{47626B73-6C8E-4646-B323-ABE07711FF7C}.Debug|x86.ActiveCfg = Debug|Any CPU
		{47626B73-6C8E-4646-B323-ABE07711FF7C}.Debug|x86.Build.0 = Debug|Any CPU
		{47626B73-6C8E-4646-B323-ABE07711FF7C}.Release|Any CPU.ActiveCfg = Release|Any CPU
		{47626B73-6C8E-4646-B323-ABE07711FF7C}.Release|Any CPU.Build.0 = Release|Any CPU
		{47626B73-6C8E-4646-B323-ABE07711FF7C}.Release|x64.ActiveCfg = Release|Any CPU
		{47626B73-6C8E-4646-B323-ABE07711FF7C}.Release|x64.Build.0 = Release|Any CPU
		{47626B73-6C8E-4646-B323-ABE07711FF7C}.Release|x86.ActiveCfg = Release|Any CPU
		{47626B73-6C8E-4646-B323-ABE07711FF7C}.Release|x86.Build.0 = Release|Any CPU
		{7E3BD158-ED58-4D34-86C9-FD8ECF3121FD}.Debug|Any CPU.ActiveCfg = Debug|Any CPU
		{7E3BD158-ED58-4D34-86C9-FD8ECF3121FD}.Debug|Any CPU.Build.0 = Debug|Any CPU
		{7E3BD158-ED58-4D34-86C9-FD8ECF3121FD}.Debug|x64.ActiveCfg = Debug|Any CPU
		{7E3BD158-ED58-4D34-86C9-FD8ECF3121FD}.Debug|x64.Build.0 = Debug|Any CPU
		{7E3BD158-ED58-4D34-86C9-FD8ECF3121FD}.Debug|x86.ActiveCfg = Debug|Any CPU
		{7E3BD158-ED58-4D34-86C9-FD8ECF3121FD}.Debug|x86.Build.0 = Debug|Any CPU
		{7E3BD158-ED58-4D34-86C9-FD8ECF3121FD}.Release|Any CPU.ActiveCfg = Release|Any CPU
		{7E3BD158-ED58-4D34-86C9-FD8ECF3121FD}.Release|Any CPU.Build.0 = Release|Any CPU
		{7E3BD158-ED58-4D34-86C9-FD8ECF3121FD}.Release|x64.ActiveCfg = Release|Any CPU
		{7E3BD158-ED58-4D34-86C9-FD8ECF3121FD}.Release|x64.Build.0 = Release|Any CPU
		{7E3BD158-ED58-4D34-86C9-FD8ECF3121FD}.Release|x86.ActiveCfg = Release|Any CPU
		{7E3BD158-ED58-4D34-86C9-FD8ECF3121FD}.Release|x86.Build.0 = Release|Any CPU
		{B01A1583-F39D-470D-8920-2F64AEF407B1}.Debug|Any CPU.ActiveCfg = Debug|Any CPU
		{B01A1583-F39D-470D-8920-2F64AEF407B1}.Debug|Any CPU.Build.0 = Debug|Any CPU
		{B01A1583-F39D-470D-8920-2F64AEF407B1}.Debug|x64.ActiveCfg = Debug|Any CPU
		{B01A1583-F39D-470D-8920-2F64AEF407B1}.Debug|x64.Build.0 = Debug|Any CPU
		{B01A1583-F39D-470D-8920-2F64AEF407B1}.Debug|x86.ActiveCfg = Debug|Any CPU
		{B01A1583-F39D-470D-8920-2F64AEF407B1}.Debug|x86.Build.0 = Debug|Any CPU
		{B01A1583-F39D-470D-8920-2F64AEF407B1}.Release|Any CPU.ActiveCfg = Release|Any CPU
		{B01A1583-F39D-470D-8920-2F64AEF407B1}.Release|Any CPU.Build.0 = Release|Any CPU
		{B01A1583-F39D-470D-8920-2F64AEF407B1}.Release|x64.ActiveCfg = Release|Any CPU
		{B01A1583-F39D-470D-8920-2F64AEF407B1}.Release|x64.Build.0 = Release|Any CPU
		{B01A1583-F39D-470D-8920-2F64AEF407B1}.Release|x86.ActiveCfg = Release|Any CPU
		{B01A1583-F39D-470D-8920-2F64AEF407B1}.Release|x86.Build.0 = Release|Any CPU
		{1BADE686-5877-4E32-A5E1-69296933833F}.Debug|Any CPU.ActiveCfg = Debug|Any CPU
		{1BADE686-5877-4E32-A5E1-69296933833F}.Debug|Any CPU.Build.0 = Debug|Any CPU
		{1BADE686-5877-4E32-A5E1-69296933833F}.Debug|x64.ActiveCfg = Debug|Any CPU
		{1BADE686-5877-4E32-A5E1-69296933833F}.Debug|x64.Build.0 = Debug|Any CPU
		{1BADE686-5877-4E32-A5E1-69296933833F}.Debug|x86.ActiveCfg = Debug|Any CPU
		{1BADE686-5877-4E32-A5E1-69296933833F}.Debug|x86.Build.0 = Debug|Any CPU
		{1BADE686-5877-4E32-A5E1-69296933833F}.Release|Any CPU.ActiveCfg = Release|Any CPU
		{1BADE686-5877-4E32-A5E1-69296933833F}.Release|Any CPU.Build.0 = Release|Any CPU
		{1BADE686-5877-4E32-A5E1-69296933833F}.Release|x64.ActiveCfg = Release|Any CPU
		{1BADE686-5877-4E32-A5E1-69296933833F}.Release|x64.Build.0 = Release|Any CPU
		{1BADE686-5877-4E32-A5E1-69296933833F}.Release|x86.ActiveCfg = Release|Any CPU
		{1BADE686-5877-4E32-A5E1-69296933833F}.Release|x86.Build.0 = Release|Any CPU
		{24ED8712-74C9-4BBC-AAC9-2CDE905625D5}.Debug|Any CPU.ActiveCfg = Debug|Any CPU
		{24ED8712-74C9-4BBC-AAC9-2CDE905625D5}.Debug|Any CPU.Build.0 = Debug|Any CPU
		{24ED8712-74C9-4BBC-AAC9-2CDE905625D5}.Debug|x64.ActiveCfg = Debug|Any CPU
		{24ED8712-74C9-4BBC-AAC9-2CDE905625D5}.Debug|x64.Build.0 = Debug|Any CPU
		{24ED8712-74C9-4BBC-AAC9-2CDE905625D5}.Debug|x86.ActiveCfg = Debug|Any CPU
		{24ED8712-74C9-4BBC-AAC9-2CDE905625D5}.Debug|x86.Build.0 = Debug|Any CPU
		{24ED8712-74C9-4BBC-AAC9-2CDE905625D5}.Release|Any CPU.ActiveCfg = Release|Any CPU
		{24ED8712-74C9-4BBC-AAC9-2CDE905625D5}.Release|Any CPU.Build.0 = Release|Any CPU
		{24ED8712-74C9-4BBC-AAC9-2CDE905625D5}.Release|x64.ActiveCfg = Release|Any CPU
		{24ED8712-74C9-4BBC-AAC9-2CDE905625D5}.Release|x64.Build.0 = Release|Any CPU
		{24ED8712-74C9-4BBC-AAC9-2CDE905625D5}.Release|x86.ActiveCfg = Release|Any CPU
		{24ED8712-74C9-4BBC-AAC9-2CDE905625D5}.Release|x86.Build.0 = Release|Any CPU
	EndGlobalSection
	GlobalSection(SolutionProperties) = preSolution
		HideSolutionNode = FALSE
	EndGlobalSection
	GlobalSection(NestedProjects) = preSolution
		{8B393C10-8FF7-75FF-2594-AAF29E15BF15} = {827E0CD3-B72D-47B6-A68D-7590B98EB39B}
		{526ADB2A-059D-4E76-9F9F-E44C9C1AA627} = {8B393C10-8FF7-75FF-2594-AAF29E15BF15}
		{47626B73-6C8E-4646-B323-ABE07711FF7C} = {8B393C10-8FF7-75FF-2594-AAF29E15BF15}
		{7E3BD158-ED58-4D34-86C9-FD8ECF3121FD} = {8B393C10-8FF7-75FF-2594-AAF29E15BF15}
		{B01A1583-F39D-470D-8920-2F64AEF407B1} = {8B393C10-8FF7-75FF-2594-AAF29E15BF15}
		{C8E42992-5E42-0C2B-DBFE-AA848D06431C} = {827E0CD3-B72D-47B6-A68D-7590B98EB39B}
		{1BADE686-5877-4E32-A5E1-69296933833F} = {C8E42992-5E42-0C2B-DBFE-AA848D06431C}
		{24ED8712-74C9-4BBC-AAC9-2CDE905625D5} = {C8E42992-5E42-0C2B-DBFE-AA848D06431C}
	EndGlobalSection
EndGlobal
