
Microsoft Visual Studio Solution File, Format Version 12.00
# Visual Studio Version 17
VisualStudioVersion = 17.0.31903.59
MinimumVisualStudioVersion = 10.0.40219.1
Project("{2150E333-8FDC-42A3-9474-1A3956D46DE8}") = "src", "src", "{827E0CD3-B72D-47B6-A68D-7590B98EB39B}"
EndProject
Project("{2150E333-8FDC-42A3-9474-1A3956D46DE8}") = "Agency", "Agency", "{82F8A6CB-5A51-D8CD-F420-BAD2EC36D0AF}"
EndProject
Project("{FAE04EC0-301F-11D3-BF4B-00C04F79EFBC}") = "Agency.Domain", "src\Agency\Agency.Domain\Agency.Domain.csproj", "{C6B32A84-D86B-4FCF-93AA-9C55844EDF80}"
EndProject
Project("{FAE04EC0-301F-11D3-BF4B-00C04F79EFBC}") = "Agency.Application", "src\Agency\Agency.Application\Agency.Application.csproj", "{8AE5F358-B97C-4A80-8696-183DB6C8219A}"
EndProject
Project("{FAE04EC0-301F-11D3-BF4B-00C04F79EFBC}") = "Agency.Infrastructure", "src\Agency\Agency.Infrastructure\Agency.Infrastructure.csproj", "{50260CB3-4F48-4310-9155-C829F3848DA6}"
EndProject
Project("{FAE04EC0-301F-11D3-BF4B-00C04F79EFBC}") = "Agency.API", "src\Agency\Agency.API\Agency.API.csproj", "{B457FD2D-1222-480A-AC20-9BD066C2EB4C}"
EndProject
Project("{2150E333-8FDC-42A3-9474-1A3956D46DE8}") = "Shared", "Shared", "{C8E42992-5E42-0C2B-DBFE-AA848D06431C}"
EndProject
Project("{FAE04EC0-301F-11D3-BF4B-00C04F79EFBC}") = "Shared.Infrastructure", "src\Shared\Shared.Infrastructure\Shared.Infrastructure.csproj", "{8D2A33F4-9125-49B1-9CE9-51044E199208}"
EndProject
Project("{FAE04EC0-301F-11D3-BF4B-00C04F79EFBC}") = "Shared.Contracts", "src\Shared\Shared.Contracts\Shared.Contracts.csproj", "{B1ABD1E8-DF0C-43F0-A860-EC1F0444B531}"
EndProject
Global
	GlobalSection(SolutionConfigurationPlatforms) = preSolution
		Debug|Any CPU = Debug|Any CPU
		Debug|x64 = Debug|x64
		Debug|x86 = Debug|x86
		Release|Any CPU = Release|Any CPU
		Release|x64 = Release|x64
		Release|x86 = Release|x86
	EndGlobalSection
	GlobalSection(ProjectConfigurationPlatforms) = postSolution
		{C6B32A84-D86B-4FCF-93AA-9C55844EDF80}.Debug|Any CPU.ActiveCfg = Debug|Any CPU
		{C6B32A84-D86B-4FCF-93AA-9C55844EDF80}.Debug|Any CPU.Build.0 = Debug|Any CPU
		{C6B32A84-D86B-4FCF-93AA-9C55844EDF80}.Debug|x64.ActiveCfg = Debug|Any CPU
		{C6B32A84-D86B-4FCF-93AA-9C55844EDF80}.Debug|x64.Build.0 = Debug|Any CPU
		{C6B32A84-D86B-4FCF-93AA-9C55844EDF80}.Debug|x86.ActiveCfg = Debug|Any CPU
		{C6B32A84-D86B-4FCF-93AA-9C55844EDF80}.Debug|x86.Build.0 = Debug|Any CPU
		{C6B32A84-D86B-4FCF-93AA-9C55844EDF80}.Release|Any CPU.ActiveCfg = Release|Any CPU
		{C6B32A84-D86B-4FCF-93AA-9C55844EDF80}.Release|Any CPU.Build.0 = Release|Any CPU
		{C6B32A84-D86B-4FCF-93AA-9C55844EDF80}.Release|x64.ActiveCfg = Release|Any CPU
		{C6B32A84-D86B-4FCF-93AA-9C55844EDF80}.Release|x64.Build.0 = Release|Any CPU
		{C6B32A84-D86B-4FCF-93AA-9C55844EDF80}.Release|x86.ActiveCfg = Release|Any CPU
		{C6B32A84-D86B-4FCF-93AA-9C55844EDF80}.Release|x86.Build.0 = Release|Any CPU
		{8AE5F358-B97C-4A80-8696-183DB6C8219A}.Debug|Any CPU.ActiveCfg = Debug|Any CPU
		{8AE5F358-B97C-4A80-8696-183DB6C8219A}.Debug|Any CPU.Build.0 = Debug|Any CPU
		{8AE5F358-B97C-4A80-8696-183DB6C8219A}.Debug|x64.ActiveCfg = Debug|Any CPU
		{8AE5F358-B97C-4A80-8696-183DB6C8219A}.Debug|x64.Build.0 = Debug|Any CPU
		{8AE5F358-B97C-4A80-8696-183DB6C8219A}.Debug|x86.ActiveCfg = Debug|Any CPU
		{8AE5F358-B97C-4A80-8696-183DB6C8219A}.Debug|x86.Build.0 = Debug|Any CPU
		{8AE5F358-B97C-4A80-8696-183DB6C8219A}.Release|Any CPU.ActiveCfg = Release|Any CPU
		{8AE5F358-B97C-4A80-8696-183DB6C8219A}.Release|Any CPU.Build.0 = Release|Any CPU
		{8AE5F358-B97C-4A80-8696-183DB6C8219A}.Release|x64.ActiveCfg = Release|Any CPU
		{8AE5F358-B97C-4A80-8696-183DB6C8219A}.Release|x64.Build.0 = Release|Any CPU
		{8AE5F358-B97C-4A80-8696-183DB6C8219A}.Release|x86.ActiveCfg = Release|Any CPU
		{8AE5F358-B97C-4A80-8696-183DB6C8219A}.Release|x86.Build.0 = Release|Any CPU
		{50260CB3-4F48-4310-9155-C829F3848DA6}.Debug|Any CPU.ActiveCfg = Debug|Any CPU
		{50260CB3-4F48-4310-9155-C829F3848DA6}.Debug|Any CPU.Build.0 = Debug|Any CPU
		{50260CB3-4F48-4310-9155-C829F3848DA6}.Debug|x64.ActiveCfg = Debug|Any CPU
		{50260CB3-4F48-4310-9155-C829F3848DA6}.Debug|x64.Build.0 = Debug|Any CPU
		{50260CB3-4F48-4310-9155-C829F3848DA6}.Debug|x86.ActiveCfg = Debug|Any CPU
		{50260CB3-4F48-4310-9155-C829F3848DA6}.Debug|x86.Build.0 = Debug|Any CPU
		{50260CB3-4F48-4310-9155-C829F3848DA6}.Release|Any CPU.ActiveCfg = Release|Any CPU
		{50260CB3-4F48-4310-9155-C829F3848DA6}.Release|Any CPU.Build.0 = Release|Any CPU
		{50260CB3-4F48-4310-9155-C829F3848DA6}.Release|x64.ActiveCfg = Release|Any CPU
		{50260CB3-4F48-4310-9155-C829F3848DA6}.Release|x64.Build.0 = Release|Any CPU
		{50260CB3-4F48-4310-9155-C829F3848DA6}.Release|x86.ActiveCfg = Release|Any CPU
		{50260CB3-4F48-4310-9155-C829F3848DA6}.Release|x86.Build.0 = Release|Any CPU
		{B457FD2D-1222-480A-AC20-9BD066C2EB4C}.Debug|Any CPU.ActiveCfg = Debug|Any CPU
		{B457FD2D-1222-480A-AC20-9BD066C2EB4C}.Debug|Any CPU.Build.0 = Debug|Any CPU
		{B457FD2D-1222-480A-AC20-9BD066C2EB4C}.Debug|x64.ActiveCfg = Debug|Any CPU
		{B457FD2D-1222-480A-AC20-9BD066C2EB4C}.Debug|x64.Build.0 = Debug|Any CPU
		{B457FD2D-1222-480A-AC20-9BD066C2EB4C}.Debug|x86.ActiveCfg = Debug|Any CPU
		{B457FD2D-1222-480A-AC20-9BD066C2EB4C}.Debug|x86.Build.0 = Debug|Any CPU
		{B457FD2D-1222-480A-AC20-9BD066C2EB4C}.Release|Any CPU.ActiveCfg = Release|Any CPU
		{B457FD2D-1222-480A-AC20-9BD066C2EB4C}.Release|Any CPU.Build.0 = Release|Any CPU
		{B457FD2D-1222-480A-AC20-9BD066C2EB4C}.Release|x64.ActiveCfg = Release|Any CPU
		{B457FD2D-1222-480A-AC20-9BD066C2EB4C}.Release|x64.Build.0 = Release|Any CPU
		{B457FD2D-1222-480A-AC20-9BD066C2EB4C}.Release|x86.ActiveCfg = Release|Any CPU
		{B457FD2D-1222-480A-AC20-9BD066C2EB4C}.Release|x86.Build.0 = Release|Any CPU
		{8D2A33F4-9125-49B1-9CE9-51044E199208}.Debug|Any CPU.ActiveCfg = Debug|Any CPU
		{8D2A33F4-9125-49B1-9CE9-51044E199208}.Debug|Any CPU.Build.0 = Debug|Any CPU
		{8D2A33F4-9125-49B1-9CE9-51044E199208}.Debug|x64.ActiveCfg = Debug|Any CPU
		{8D2A33F4-9125-49B1-9CE9-51044E199208}.Debug|x64.Build.0 = Debug|Any CPU
		{8D2A33F4-9125-49B1-9CE9-51044E199208}.Debug|x86.ActiveCfg = Debug|Any CPU
		{8D2A33F4-9125-49B1-9CE9-51044E199208}.Debug|x86.Build.0 = Debug|Any CPU
		{8D2A33F4-9125-49B1-9CE9-51044E199208}.Release|Any CPU.ActiveCfg = Release|Any CPU
		{8D2A33F4-9125-49B1-9CE9-51044E199208}.Release|Any CPU.Build.0 = Release|Any CPU
		{8D2A33F4-9125-49B1-9CE9-51044E199208}.Release|x64.ActiveCfg = Release|Any CPU
		{8D2A33F4-9125-49B1-9CE9-51044E199208}.Release|x64.Build.0 = Release|Any CPU
		{8D2A33F4-9125-49B1-9CE9-51044E199208}.Release|x86.ActiveCfg = Release|Any CPU
		{8D2A33F4-9125-49B1-9CE9-51044E199208}.Release|x86.Build.0 = Release|Any CPU
		{B1ABD1E8-DF0C-43F0-A860-EC1F0444B531}.Debug|Any CPU.ActiveCfg = Debug|Any CPU
		{B1ABD1E8-DF0C-43F0-A860-EC1F0444B531}.Debug|Any CPU.Build.0 = Debug|Any CPU
		{B1ABD1E8-DF0C-43F0-A860-EC1F0444B531}.Debug|x64.ActiveCfg = Debug|Any CPU
		{B1ABD1E8-DF0C-43F0-A860-EC1F0444B531}.Debug|x64.Build.0 = Debug|Any CPU
		{B1ABD1E8-DF0C-43F0-A860-EC1F0444B531}.Debug|x86.ActiveCfg = Debug|Any CPU
		{B1ABD1E8-DF0C-43F0-A860-EC1F0444B531}.Debug|x86.Build.0 = Debug|Any CPU
		{B1ABD1E8-DF0C-43F0-A860-EC1F0444B531}.Release|Any CPU.ActiveCfg = Release|Any CPU
		{B1ABD1E8-DF0C-43F0-A860-EC1F0444B531}.Release|Any CPU.Build.0 = Release|Any CPU
		{B1ABD1E8-DF0C-43F0-A860-EC1F0444B531}.Release|x64.ActiveCfg = Release|Any CPU
		{B1ABD1E8-DF0C-43F0-A860-EC1F0444B531}.Release|x64.Build.0 = Release|Any CPU
		{B1ABD1E8-DF0C-43F0-A860-EC1F0444B531}.Release|x86.ActiveCfg = Release|Any CPU
		{B1ABD1E8-DF0C-43F0-A860-EC1F0444B531}.Release|x86.Build.0 = Release|Any CPU
	EndGlobalSection
	GlobalSection(SolutionProperties) = preSolution
		HideSolutionNode = FALSE
	EndGlobalSection
	GlobalSection(NestedProjects) = preSolution
		{82F8A6CB-5A51-D8CD-F420-BAD2EC36D0AF} = {827E0CD3-B72D-47B6-A68D-7590B98EB39B}
		{C6B32A84-D86B-4FCF-93AA-9C55844EDF80} = {82F8A6CB-5A51-D8CD-F420-BAD2EC36D0AF}
		{8AE5F358-B97C-4A80-8696-183DB6C8219A} = {82F8A6CB-5A51-D8CD-F420-BAD2EC36D0AF}
		{50260CB3-4F48-4310-9155-C829F3848DA6} = {82F8A6CB-5A51-D8CD-F420-BAD2EC36D0AF}
		{B457FD2D-1222-480A-AC20-9BD066C2EB4C} = {82F8A6CB-5A51-D8CD-F420-BAD2EC36D0AF}
		{C8E42992-5E42-0C2B-DBFE-AA848D06431C} = {827E0CD3-B72D-47B6-A68D-7590B98EB39B}
		{8D2A33F4-9125-49B1-9CE9-51044E199208} = {C8E42992-5E42-0C2B-DBFE-AA848D06431C}
		{B1ABD1E8-DF0C-43F0-A860-EC1F0444B531} = {C8E42992-5E42-0C2B-DBFE-AA848D06431C}
	EndGlobalSection
EndGlobal
